// !$*UTF8*$!
{
	archiveVersion = 1;
	classes = {
	};
	objectVersion = 48;
	objects = {

/* Begin PBXBuildFile section */
		BA52197C1FCD684800F835C9 /* AppDelegate.swift in Sources */ = {isa = PBXBuildFile; fileRef = BA52197B1FCD684800F835C9 /* AppDelegate.swift */; };
		BA5219831FCD684800F835C9 /* Assets.xcassets in Resources */ = {isa = PBXBuildFile; fileRef = BA5219821FCD684800F835C9 /* Assets.xcassets */; };
		BA5219861FCD684800F835C9 /* LaunchScreen.storyboard in Resources */ = {isa = PBXBuildFile; fileRef = BA5219841FCD684800F835C9 /* LaunchScreen.storyboard */; };
		BA5219911FCD684900F835C9 /* ZaloraJupiterTests.swift in Sources */ = {isa = PBXBuildFile; fileRef = BA5219901FCD684900F835C9 /* ZaloraJupiterTests.swift */; };
		BA971E4E1FCD69620091471D /* ZaloraJupiterCore.framework in Frameworks */ = {isa = PBXBuildFile; fileRef = BA971E4F1FCD69620091471D /* ZaloraJupiterCore.framework */; };
		BA971E571FCD69D70091471D /* HomeViewController.swift in Sources */ = {isa = PBXBuildFile; fileRef = BA971E551FCD69D70091471D /* HomeViewController.swift */; };
		BA971E581FCD69D70091471D /* HomeViewController.xib in Resources */ = {isa = PBXBuildFile; fileRef = BA971E561FCD69D70091471D /* HomeViewController.xib */; };
		BAA4774E1FCE674300DDAFF5 /* IGListKit.framework in Frameworks */ = {isa = PBXBuildFile; fileRef = BAA4774C1FCE674300DDAFF5 /* IGListKit.framework */; };
		BAA4774F1FCE674300DDAFF5 /* SideMenu.framework in Frameworks */ = {isa = PBXBuildFile; fileRef = BAA4774D1FCE674300DDAFF5 /* SideMenu.framework */; };
		BAA477671FCE95DB00DDAFF5 /* HomeScreenRowData.swift in Sources */ = {isa = PBXBuildFile; fileRef = BAA477661FCE95DB00DDAFF5 /* HomeScreenRowData.swift */; };
		BAA477691FCE9BF000DDAFF5 /* HomeTeaserSectionController.swift in Sources */ = {isa = PBXBuildFile; fileRef = BAA477681FCE9BF000DDAFF5 /* HomeTeaserSectionController.swift */; };
		BAA4776B1FCE9BFC00DDAFF5 /* HomeProductSectionController.swift in Sources */ = {isa = PBXBuildFile; fileRef = BAA4776A1FCE9BFC00DDAFF5 /* HomeProductSectionController.swift */; };
		BAA477701FCE9E8300DDAFF5 /* HomeTeaserViewCell.swift in Sources */ = {isa = PBXBuildFile; fileRef = BAA4776E1FCE9E8300DDAFF5 /* HomeTeaserViewCell.swift */; };
		BAA477711FCE9E8300DDAFF5 /* HomeTeaserViewCell.xib in Resources */ = {isa = PBXBuildFile; fileRef = BAA4776F1FCE9E8300DDAFF5 /* HomeTeaserViewCell.xib */; };
		BAA477741FCE9E9300DDAFF5 /* HomeProductViewCell.swift in Sources */ = {isa = PBXBuildFile; fileRef = BAA477721FCE9E9300DDAFF5 /* HomeProductViewCell.swift */; };
		BAA477751FCE9E9300DDAFF5 /* HomeProductViewCell.xib in Resources */ = {isa = PBXBuildFile; fileRef = BAA477731FCE9E9300DDAFF5 /* HomeProductViewCell.xib */; };
		BAA477791FCE9EB600DDAFF5 /* HomeHeaderReusableView.swift in Sources */ = {isa = PBXBuildFile; fileRef = BAA477771FCE9EB600DDAFF5 /* HomeHeaderReusableView.swift */; };
		BAA4777A1FCE9EB600DDAFF5 /* HomeHeaderReusableView.xib in Resources */ = {isa = PBXBuildFile; fileRef = BAA477781FCE9EB600DDAFF5 /* HomeHeaderReusableView.xib */; };
		BAA4777E1FCE9F2C00DDAFF5 /* HomeTeaserRowViewCell.swift in Sources */ = {isa = PBXBuildFile; fileRef = BAA4777C1FCE9F2C00DDAFF5 /* HomeTeaserRowViewCell.swift */; };
		BAA4777F1FCE9F2C00DDAFF5 /* HomeTeaserRowViewCell.xib in Resources */ = {isa = PBXBuildFile; fileRef = BAA4777D1FCE9F2C00DDAFF5 /* HomeTeaserRowViewCell.xib */; };
		BAA477821FCE9F4500DDAFF5 /* HomeProductRowViewCell.swift in Sources */ = {isa = PBXBuildFile; fileRef = BAA477801FCE9F4500DDAFF5 /* HomeProductRowViewCell.swift */; };
		BAA477831FCE9F4500DDAFF5 /* HomeProductRowViewCell.xib in Resources */ = {isa = PBXBuildFile; fileRef = BAA477811FCE9F4500DDAFF5 /* HomeProductRowViewCell.xib */; };
		BAA477861FCEA5A800DDAFF5 /* RootViewController.swift in Sources */ = {isa = PBXBuildFile; fileRef = BAA477851FCEA5A800DDAFF5 /* RootViewController.swift */; };
		BAA4778A1FCEA6C000DDAFF5 /* MenuViewController.swift in Sources */ = {isa = PBXBuildFile; fileRef = BAA477881FCEA6C000DDAFF5 /* MenuViewController.swift */; };
		BAA4778B1FCEA6C000DDAFF5 /* MenuViewController.xib in Resources */ = {isa = PBXBuildFile; fileRef = BAA477891FCEA6C000DDAFF5 /* MenuViewController.xib */; };
		BAD7D6A21FCE6222006D8557 /* Router.swift in Sources */ = {isa = PBXBuildFile; fileRef = BAD7D6A11FCE6222006D8557 /* Router.swift */; };
		BAD7D6A71FCE6241006D8557 /* PDVViewController.swift in Sources */ = {isa = PBXBuildFile; fileRef = BAD7D6A51FCE6241006D8557 /* PDVViewController.swift */; };
		BAD7D6A81FCE6241006D8557 /* PDVViewController.xib in Resources */ = {isa = PBXBuildFile; fileRef = BAD7D6A61FCE6241006D8557 /* PDVViewController.xib */; };
		BAD7D6AC1FCE6255006D8557 /* SearchViewController.swift in Sources */ = {isa = PBXBuildFile; fileRef = BAD7D6AA1FCE6255006D8557 /* SearchViewController.swift */; };
		BAD7D6AD1FCE6255006D8557 /* SearchViewController.xib in Resources */ = {isa = PBXBuildFile; fileRef = BAD7D6AB1FCE6255006D8557 /* SearchViewController.xib */; };
		BAD7D6B11FCE6262006D8557 /* CatalogViewController.swift in Sources */ = {isa = PBXBuildFile; fileRef = BAD7D6AF1FCE6262006D8557 /* CatalogViewController.swift */; };
		BAD7D6B21FCE6262006D8557 /* CatalogViewController.xib in Resources */ = {isa = PBXBuildFile; fileRef = BAD7D6B01FCE6262006D8557 /* CatalogViewController.xib */; };
/* End PBXBuildFile section */

/* Begin PBXContainerItemProxy section */
		BA52198D1FCD684900F835C9 /* PBXContainerItemProxy */ = {
			isa = PBXContainerItemProxy;
			containerPortal = BA5219701FCD684800F835C9 /* Project object */;
			proxyType = 1;
			remoteGlobalIDString = BA5219771FCD684800F835C9;
			remoteInfo = ZaloraJupiter;
		};
/* End PBXContainerItemProxy section */

/* Begin PBXFileReference section */
		BA5219781FCD684800F835C9 /* ZaloraJupiter.app */ = {isa = PBXFileReference; explicitFileType = wrapper.application; includeInIndex = 0; path = ZaloraJupiter.app; sourceTree = BUILT_PRODUCTS_DIR; };
		BA52197B1FCD684800F835C9 /* AppDelegate.swift */ = {isa = PBXFileReference; lastKnownFileType = sourcecode.swift; path = AppDelegate.swift; sourceTree = "<group>"; };
		BA5219821FCD684800F835C9 /* Assets.xcassets */ = {isa = PBXFileReference; lastKnownFileType = folder.assetcatalog; path = Assets.xcassets; sourceTree = "<group>"; };
		BA5219851FCD684800F835C9 /* Base */ = {isa = PBXFileReference; lastKnownFileType = file.storyboard; name = Base; path = Base.lproj/LaunchScreen.storyboard; sourceTree = "<group>"; };
		BA5219871FCD684800F835C9 /* Info.plist */ = {isa = PBXFileReference; lastKnownFileType = text.plist.xml; path = Info.plist; sourceTree = "<group>"; };
		BA52198C1FCD684900F835C9 /* ZaloraJupiterTests.xctest */ = {isa = PBXFileReference; explicitFileType = wrapper.cfbundle; includeInIndex = 0; path = ZaloraJupiterTests.xctest; sourceTree = BUILT_PRODUCTS_DIR; };
		BA5219901FCD684900F835C9 /* ZaloraJupiterTests.swift */ = {isa = PBXFileReference; lastKnownFileType = sourcecode.swift; path = ZaloraJupiterTests.swift; sourceTree = "<group>"; };
		BA5219921FCD684900F835C9 /* Info.plist */ = {isa = PBXFileReference; lastKnownFileType = text.plist.xml; path = Info.plist; sourceTree = "<group>"; };
		BA971E4F1FCD69620091471D /* ZaloraJupiterCore.framework */ = {isa = PBXFileReference; explicitFileType = wrapper.framework; path = ZaloraJupiterCore.framework; sourceTree = BUILT_PRODUCTS_DIR; };
		BA971E551FCD69D70091471D /* HomeViewController.swift */ = {isa = PBXFileReference; lastKnownFileType = sourcecode.swift; path = HomeViewController.swift; sourceTree = "<group>"; };
		BA971E561FCD69D70091471D /* HomeViewController.xib */ = {isa = PBXFileReference; lastKnownFileType = file.xib; path = HomeViewController.xib; sourceTree = "<group>"; };
		BAA4774C1FCE674300DDAFF5 /* IGListKit.framework */ = {isa = PBXFileReference; lastKnownFileType = wrapper.framework; name = IGListKit.framework; path = Carthage/Build/iOS/IGListKit.framework; sourceTree = "<group>"; };
		BAA4774D1FCE674300DDAFF5 /* SideMenu.framework */ = {isa = PBXFileReference; lastKnownFileType = wrapper.framework; name = SideMenu.framework; path = Carthage/Build/iOS/SideMenu.framework; sourceTree = "<group>"; };
		BAA477661FCE95DB00DDAFF5 /* HomeScreenRowData.swift */ = {isa = PBXFileReference; lastKnownFileType = sourcecode.swift; path = HomeScreenRowData.swift; sourceTree = "<group>"; };
		BAA477681FCE9BF000DDAFF5 /* HomeTeaserSectionController.swift */ = {isa = PBXFileReference; lastKnownFileType = sourcecode.swift; path = HomeTeaserSectionController.swift; sourceTree = "<group>"; };
		BAA4776A1FCE9BFC00DDAFF5 /* HomeProductSectionController.swift */ = {isa = PBXFileReference; lastKnownFileType = sourcecode.swift; path = HomeProductSectionController.swift; sourceTree = "<group>"; };
		BAA4776E1FCE9E8300DDAFF5 /* HomeTeaserViewCell.swift */ = {isa = PBXFileReference; lastKnownFileType = sourcecode.swift; path = HomeTeaserViewCell.swift; sourceTree = "<group>"; };
		BAA4776F1FCE9E8300DDAFF5 /* HomeTeaserViewCell.xib */ = {isa = PBXFileReference; lastKnownFileType = file.xib; path = HomeTeaserViewCell.xib; sourceTree = "<group>"; };
		BAA477721FCE9E9300DDAFF5 /* HomeProductViewCell.swift */ = {isa = PBXFileReference; lastKnownFileType = sourcecode.swift; path = HomeProductViewCell.swift; sourceTree = "<group>"; };
		BAA477731FCE9E9300DDAFF5 /* HomeProductViewCell.xib */ = {isa = PBXFileReference; lastKnownFileType = file.xib; path = HomeProductViewCell.xib; sourceTree = "<group>"; };
		BAA477771FCE9EB600DDAFF5 /* HomeHeaderReusableView.swift */ = {isa = PBXFileReference; lastKnownFileType = sourcecode.swift; path = HomeHeaderReusableView.swift; sourceTree = "<group>"; };
		BAA477781FCE9EB600DDAFF5 /* HomeHeaderReusableView.xib */ = {isa = PBXFileReference; lastKnownFileType = file.xib; path = HomeHeaderReusableView.xib; sourceTree = "<group>"; };
		BAA4777C1FCE9F2C00DDAFF5 /* HomeTeaserRowViewCell.swift */ = {isa = PBXFileReference; lastKnownFileType = sourcecode.swift; path = HomeTeaserRowViewCell.swift; sourceTree = "<group>"; };
		BAA4777D1FCE9F2C00DDAFF5 /* HomeTeaserRowViewCell.xib */ = {isa = PBXFileReference; lastKnownFileType = file.xib; path = HomeTeaserRowViewCell.xib; sourceTree = "<group>"; };
		BAA477801FCE9F4500DDAFF5 /* HomeProductRowViewCell.swift */ = {isa = PBXFileReference; lastKnownFileType = sourcecode.swift; path = HomeProductRowViewCell.swift; sourceTree = "<group>"; };
		BAA477811FCE9F4500DDAFF5 /* HomeProductRowViewCell.xib */ = {isa = PBXFileReference; lastKnownFileType = file.xib; path = HomeProductRowViewCell.xib; sourceTree = "<group>"; };
		BAA477851FCEA5A800DDAFF5 /* RootViewController.swift */ = {isa = PBXFileReference; lastKnownFileType = sourcecode.swift; path = RootViewController.swift; sourceTree = "<group>"; };
		BAA477881FCEA6C000DDAFF5 /* MenuViewController.swift */ = {isa = PBXFileReference; lastKnownFileType = sourcecode.swift; path = MenuViewController.swift; sourceTree = "<group>"; };
		BAA477891FCEA6C000DDAFF5 /* MenuViewController.xib */ = {isa = PBXFileReference; lastKnownFileType = file.xib; path = MenuViewController.xib; sourceTree = "<group>"; };
		BAD7D6A11FCE6222006D8557 /* Router.swift */ = {isa = PBXFileReference; lastKnownFileType = sourcecode.swift; path = Router.swift; sourceTree = "<group>"; };
		BAD7D6A51FCE6241006D8557 /* PDVViewController.swift */ = {isa = PBXFileReference; lastKnownFileType = sourcecode.swift; path = PDVViewController.swift; sourceTree = "<group>"; };
		BAD7D6A61FCE6241006D8557 /* PDVViewController.xib */ = {isa = PBXFileReference; lastKnownFileType = file.xib; path = PDVViewController.xib; sourceTree = "<group>"; };
		BAD7D6AA1FCE6255006D8557 /* SearchViewController.swift */ = {isa = PBXFileReference; lastKnownFileType = sourcecode.swift; path = SearchViewController.swift; sourceTree = "<group>"; };
		BAD7D6AB1FCE6255006D8557 /* SearchViewController.xib */ = {isa = PBXFileReference; lastKnownFileType = file.xib; path = SearchViewController.xib; sourceTree = "<group>"; };
		BAD7D6AF1FCE6262006D8557 /* CatalogViewController.swift */ = {isa = PBXFileReference; lastKnownFileType = sourcecode.swift; path = CatalogViewController.swift; sourceTree = "<group>"; };
		BAD7D6B01FCE6262006D8557 /* CatalogViewController.xib */ = {isa = PBXFileReference; lastKnownFileType = file.xib; path = CatalogViewController.xib; sourceTree = "<group>"; };
/* End PBXFileReference section */

/* Begin PBXFrameworksBuildPhase section */
		BA5219751FCD684800F835C9 /* Frameworks */ = {
			isa = PBXFrameworksBuildPhase;
			buildActionMask = 2147483647;
			files = (
				BA971E4E1FCD69620091471D /* ZaloraJupiterCore.framework in Frameworks */,
				BAA4774E1FCE674300DDAFF5 /* IGListKit.framework in Frameworks */,
				BAA4774F1FCE674300DDAFF5 /* SideMenu.framework in Frameworks */,
			);
			runOnlyForDeploymentPostprocessing = 0;
		};
		BA5219891FCD684900F835C9 /* Frameworks */ = {
			isa = PBXFrameworksBuildPhase;
			buildActionMask = 2147483647;
			files = (
			);
			runOnlyForDeploymentPostprocessing = 0;
		};
/* End PBXFrameworksBuildPhase section */

/* Begin PBXGroup section */
		BA52196F1FCD684800F835C9 = {
			isa = PBXGroup;
			children = (
				BA52197A1FCD684800F835C9 /* ZaloraJupiter */,
				BA52198F1FCD684900F835C9 /* ZaloraJupiterTests */,
				BA5219791FCD684800F835C9 /* Products */,
				BA971E4D1FCD69620091471D /* Frameworks */,
			);
			sourceTree = "<group>";
		};
		BA5219791FCD684800F835C9 /* Products */ = {
			isa = PBXGroup;
			children = (
				BA5219781FCD684800F835C9 /* ZaloraJupiter.app */,
				BA52198C1FCD684900F835C9 /* ZaloraJupiterTests.xctest */,
			);
			name = Products;
			sourceTree = "<group>";
		};
		BA52197A1FCD684800F835C9 /* ZaloraJupiter */ = {
			isa = PBXGroup;
			children = (
				BA971E511FCD69850091471D /* Resource */,
				BA971E501FCD697C0091471D /* Source Code */,
				BA52197B1FCD684800F835C9 /* AppDelegate.swift */,
				BA5219871FCD684800F835C9 /* Info.plist */,
			);
			path = ZaloraJupiter;
			sourceTree = "<group>";
		};
		BA52198F1FCD684900F835C9 /* ZaloraJupiterTests */ = {
			isa = PBXGroup;
			children = (
				BA5219901FCD684900F835C9 /* ZaloraJupiterTests.swift */,
				BA5219921FCD684900F835C9 /* Info.plist */,
			);
			path = ZaloraJupiterTests;
			sourceTree = "<group>";
		};
		BA971E4D1FCD69620091471D /* Frameworks */ = {
			isa = PBXGroup;
			children = (
				BAA4774C1FCE674300DDAFF5 /* IGListKit.framework */,
				BAA4774D1FCE674300DDAFF5 /* SideMenu.framework */,
				BA971E4F1FCD69620091471D /* ZaloraJupiterCore.framework */,
			);
			name = Frameworks;
			sourceTree = "<group>";
		};
		BA971E501FCD697C0091471D /* Source Code */ = {
			isa = PBXGroup;
			children = (
				BA971E5A1FCD69F30091471D /* Share */,
				BA971E591FCD69E50091471D /* Scenes */,
			);
			path = "Source Code";
			sourceTree = "<group>";
		};
		BA971E511FCD69850091471D /* Resource */ = {
			isa = PBXGroup;
			children = (
				BA971E531FCD69920091471D /* Assets */,
				BA971E521FCD698A0091471D /* Xibs */,
			);
			path = Resource;
			sourceTree = "<group>";
		};
		BA971E521FCD698A0091471D /* Xibs */ = {
			isa = PBXGroup;
			children = (
				BA5219841FCD684800F835C9 /* LaunchScreen.storyboard */,
			);
			path = Xibs;
			sourceTree = "<group>";
		};
		BA971E531FCD69920091471D /* Assets */ = {
			isa = PBXGroup;
			children = (
				BA5219821FCD684800F835C9 /* Assets.xcassets */,
			);
			path = Assets;
			sourceTree = "<group>";
		};
		BA971E541FCD69AE0091471D /* Home */ = {
			isa = PBXGroup;
			children = (
				BAA4777B1FCE9F0A00DDAFF5 /* Row Cells */,
				BAA477761FCE9EA100DDAFF5 /* Header */,
				BAA477611FCE8C2C00DDAFF5 /* Adapter */,
				BAA477581FCE701500DDAFF5 /* Cells */,
				BAA477511FCE6E4800DDAFF5 /* Sections */,
				BA971E551FCD69D70091471D /* HomeViewController.swift */,
				BA971E561FCD69D70091471D /* HomeViewController.xib */,
				BAA477661FCE95DB00DDAFF5 /* HomeScreenRowData.swift */,
			);
			path = Home;
			sourceTree = "<group>";
		};
		BA971E591FCD69E50091471D /* Scenes */ = {
			isa = PBXGroup;
			children = (
				BAA477871FCEA6B400DDAFF5 /* Menu */,
				BAA477841FCEA59400DDAFF5 /* Root */,
				BAD7D6AE1FCE6257006D8557 /* Catalog */,
				BAD7D6A91FCE6245006D8557 /* Search */,
				BAD7D69D1FCE6097006D8557 /* PDV */,
				BA971E541FCD69AE0091471D /* Home */,
			);
			path = Scenes;
			sourceTree = "<group>";
		};
		BA971E5A1FCD69F30091471D /* Share */ = {
			isa = PBXGroup;
			children = (
				BAD7D6A01FCE621A006D8557 /* Router */,
				BA971E5B1FCD69F80091471D /* Extensions */,
			);
			path = Share;
			sourceTree = "<group>";
		};
		BA971E5B1FCD69F80091471D /* Extensions */ = {
			isa = PBXGroup;
			children = (
			);
			path = Extensions;
			sourceTree = "<group>";
		};
		BAA477511FCE6E4800DDAFF5 /* Sections */ = {
			isa = PBXGroup;
			children = (
				BAA477681FCE9BF000DDAFF5 /* HomeTeaserSectionController.swift */,
				BAA4776A1FCE9BFC00DDAFF5 /* HomeProductSectionController.swift */,
			);
			path = Sections;
			sourceTree = "<group>";
		};
		BAA477581FCE701500DDAFF5 /* Cells */ = {
			isa = PBXGroup;
			children = (
				BAA4776E1FCE9E8300DDAFF5 /* HomeTeaserViewCell.swift */,
				BAA4776F1FCE9E8300DDAFF5 /* HomeTeaserViewCell.xib */,
				BAA477721FCE9E9300DDAFF5 /* HomeProductViewCell.swift */,
				BAA477731FCE9E9300DDAFF5 /* HomeProductViewCell.xib */,
			);
			path = Cells;
			sourceTree = "<group>";
		};
		BAA477611FCE8C2C00DDAFF5 /* Adapter */ = {
			isa = PBXGroup;
			children = (
			);
			path = Adapter;
			sourceTree = "<group>";
		};
		BAA477761FCE9EA100DDAFF5 /* Header */ = {
			isa = PBXGroup;
			children = (
				BAA477771FCE9EB600DDAFF5 /* HomeHeaderReusableView.swift */,
				BAA477781FCE9EB600DDAFF5 /* HomeHeaderReusableView.xib */,
			);
			path = Header;
			sourceTree = "<group>";
		};
		BAA4777B1FCE9F0A00DDAFF5 /* Row Cells */ = {
			isa = PBXGroup;
			children = (
				BAA4777C1FCE9F2C00DDAFF5 /* HomeTeaserRowViewCell.swift */,
				BAA4777D1FCE9F2C00DDAFF5 /* HomeTeaserRowViewCell.xib */,
				BAA477801FCE9F4500DDAFF5 /* HomeProductRowViewCell.swift */,
				BAA477811FCE9F4500DDAFF5 /* HomeProductRowViewCell.xib */,
			);
			path = "Row Cells";
			sourceTree = "<group>";
		};
		BAA477841FCEA59400DDAFF5 /* Root */ = {
			isa = PBXGroup;
			children = (
				BAA477851FCEA5A800DDAFF5 /* RootViewController.swift */,
			);
			path = Root;
			sourceTree = "<group>";
		};
		BAA477871FCEA6B400DDAFF5 /* Menu */ = {
			isa = PBXGroup;
			children = (
				BAA477881FCEA6C000DDAFF5 /* MenuViewController.swift */,
				BAA477891FCEA6C000DDAFF5 /* MenuViewController.xib */,
			);
			path = Menu;
			sourceTree = "<group>";
		};
		BAD7D69D1FCE6097006D8557 /* PDV */ = {
			isa = PBXGroup;
			children = (
				BAD7D6A51FCE6241006D8557 /* PDVViewController.swift */,
				BAD7D6A61FCE6241006D8557 /* PDVViewController.xib */,
			);
			path = PDV;
			sourceTree = "<group>";
		};
		BAD7D6A01FCE621A006D8557 /* Router */ = {
			isa = PBXGroup;
			children = (
				BAD7D6A11FCE6222006D8557 /* Router.swift */,
			);
			path = Router;
			sourceTree = "<group>";
		};
		BAD7D6A91FCE6245006D8557 /* Search */ = {
			isa = PBXGroup;
			children = (
				BAD7D6AA1FCE6255006D8557 /* SearchViewController.swift */,
				BAD7D6AB1FCE6255006D8557 /* SearchViewController.xib */,
			);
			path = Search;
			sourceTree = "<group>";
		};
		BAD7D6AE1FCE6257006D8557 /* Catalog */ = {
			isa = PBXGroup;
			children = (
				BAD7D6AF1FCE6262006D8557 /* CatalogViewController.swift */,
				BAD7D6B01FCE6262006D8557 /* CatalogViewController.xib */,
			);
			path = Catalog;
			sourceTree = "<group>";
		};
/* End PBXGroup section */

/* Begin PBXNativeTarget section */
		BA5219771FCD684800F835C9 /* ZaloraJupiter */ = {
			isa = PBXNativeTarget;
			buildConfigurationList = BA5219951FCD684900F835C9 /* Build configuration list for PBXNativeTarget "ZaloraJupiter" */;
			buildPhases = (
				BA5219741FCD684800F835C9 /* Sources */,
				BA5219751FCD684800F835C9 /* Frameworks */,
				BA5219761FCD684800F835C9 /* Resources */,
				BAA477501FCE674E00DDAFF5 /* ShellScript */,
			);
			buildRules = (
			);
			dependencies = (
			);
			name = ZaloraJupiter;
			productName = ZaloraJupiter;
			productReference = BA5219781FCD684800F835C9 /* ZaloraJupiter.app */;
			productType = "com.apple.product-type.application";
		};
		BA52198B1FCD684900F835C9 /* ZaloraJupiterTests */ = {
			isa = PBXNativeTarget;
			buildConfigurationList = BA5219981FCD684900F835C9 /* Build configuration list for PBXNativeTarget "ZaloraJupiterTests" */;
			buildPhases = (
				BA5219881FCD684900F835C9 /* Sources */,
				BA5219891FCD684900F835C9 /* Frameworks */,
				BA52198A1FCD684900F835C9 /* Resources */,
			);
			buildRules = (
			);
			dependencies = (
				BA52198E1FCD684900F835C9 /* PBXTargetDependency */,
			);
			name = ZaloraJupiterTests;
			productName = ZaloraJupiterTests;
			productReference = BA52198C1FCD684900F835C9 /* ZaloraJupiterTests.xctest */;
			productType = "com.apple.product-type.bundle.unit-test";
		};
/* End PBXNativeTarget section */

/* Begin PBXProject section */
		BA5219701FCD684800F835C9 /* Project object */ = {
			isa = PBXProject;
			attributes = {
				LastSwiftUpdateCheck = 0910;
				LastUpgradeCheck = 0910;
				ORGANIZATIONNAME = Zalora;
				TargetAttributes = {
					BA5219771FCD684800F835C9 = {
						CreatedOnToolsVersion = 9.1;
						ProvisioningStyle = Automatic;
					};
					BA52198B1FCD684900F835C9 = {
						CreatedOnToolsVersion = 9.1;
						ProvisioningStyle = Automatic;
						TestTargetID = BA5219771FCD684800F835C9;
					};
				};
			};
			buildConfigurationList = BA5219731FCD684800F835C9 /* Build configuration list for PBXProject "ZaloraJupiter" */;
			compatibilityVersion = "Xcode 8.0";
			developmentRegion = en;
			hasScannedForEncodings = 0;
			knownRegions = (
				en,
				Base,
			);
			mainGroup = BA52196F1FCD684800F835C9;
			productRefGroup = BA5219791FCD684800F835C9 /* Products */;
			projectDirPath = "";
			projectRoot = "";
			targets = (
				BA5219771FCD684800F835C9 /* ZaloraJupiter */,
				BA52198B1FCD684900F835C9 /* ZaloraJupiterTests */,
			);
		};
/* End PBXProject section */

/* Begin PBXResourcesBuildPhase section */
		BA5219761FCD684800F835C9 /* Resources */ = {
			isa = PBXResourcesBuildPhase;
			buildActionMask = 2147483647;
			files = (
				BA5219861FCD684800F835C9 /* LaunchScreen.storyboard in Resources */,
				BAD7D6A81FCE6241006D8557 /* PDVViewController.xib in Resources */,
				BAA477711FCE9E8300DDAFF5 /* HomeTeaserViewCell.xib in Resources */,
				BAD7D6AD1FCE6255006D8557 /* SearchViewController.xib in Resources */,
				BAA477831FCE9F4500DDAFF5 /* HomeProductRowViewCell.xib in Resources */,
				BAA4777A1FCE9EB600DDAFF5 /* HomeHeaderReusableView.xib in Resources */,
				BAD7D6B21FCE6262006D8557 /* CatalogViewController.xib in Resources */,
				BAA4778B1FCEA6C000DDAFF5 /* MenuViewController.xib in Resources */,
				BAA4777F1FCE9F2C00DDAFF5 /* HomeTeaserRowViewCell.xib in Resources */,
				BAA477751FCE9E9300DDAFF5 /* HomeProductViewCell.xib in Resources */,
				BA5219831FCD684800F835C9 /* Assets.xcassets in Resources */,
				BA971E581FCD69D70091471D /* HomeViewController.xib in Resources */,
			);
			runOnlyForDeploymentPostprocessing = 0;
		};
		BA52198A1FCD684900F835C9 /* Resources */ = {
			isa = PBXResourcesBuildPhase;
			buildActionMask = 2147483647;
			files = (
			);
			runOnlyForDeploymentPostprocessing = 0;
		};
/* End PBXResourcesBuildPhase section */

/* Begin PBXShellScriptBuildPhase section */
		BAA477501FCE674E00DDAFF5 /* ShellScript */ = {
			isa = PBXShellScriptBuildPhase;
			buildActionMask = 2147483647;
			files = (
			);
			inputPaths = (
				"$(SRCROOT)/Carthage/Build/iOS/IGListKit.framework",
				"$(SRCROOT)/Carthage/Build/iOS/SideMenu.framework",
			);
			outputPaths = (
			);
			runOnlyForDeploymentPostprocessing = 0;
			shellPath = /bin/sh;
			shellScript = "/usr/local/bin/carthage copy-frameworks";
		};
/* End PBXShellScriptBuildPhase section */

/* Begin PBXSourcesBuildPhase section */
		BA5219741FCD684800F835C9 /* Sources */ = {
			isa = PBXSourcesBuildPhase;
			buildActionMask = 2147483647;
			files = (
				BAA4777E1FCE9F2C00DDAFF5 /* HomeTeaserRowViewCell.swift in Sources */,
				BAD7D6B11FCE6262006D8557 /* CatalogViewController.swift in Sources */,
				BAD7D6AC1FCE6255006D8557 /* SearchViewController.swift in Sources */,
				BA52197C1FCD684800F835C9 /* AppDelegate.swift in Sources */,
				BAA477791FCE9EB600DDAFF5 /* HomeHeaderReusableView.swift in Sources */,
				BAA477861FCEA5A800DDAFF5 /* RootViewController.swift in Sources */,
				BAD7D6A21FCE6222006D8557 /* Router.swift in Sources */,
				BAA4778A1FCEA6C000DDAFF5 /* MenuViewController.swift in Sources */,
				BAA477821FCE9F4500DDAFF5 /* HomeProductRowViewCell.swift in Sources */,
				BAA477741FCE9E9300DDAFF5 /* HomeProductViewCell.swift in Sources */,
				BA971E571FCD69D70091471D /* HomeViewController.swift in Sources */,
				BAA4776B1FCE9BFC00DDAFF5 /* HomeProductSectionController.swift in Sources */,
				BAD7D6A71FCE6241006D8557 /* PDVViewController.swift in Sources */,
				BAA477701FCE9E8300DDAFF5 /* HomeTeaserViewCell.swift in Sources */,
				BAA477691FCE9BF000DDAFF5 /* HomeTeaserSectionController.swift in Sources */,
				BAA477671FCE95DB00DDAFF5 /* HomeScreenRowData.swift in Sources */,
			);
			runOnlyForDeploymentPostprocessing = 0;
		};
		BA5219881FCD684900F835C9 /* Sources */ = {
			isa = PBXSourcesBuildPhase;
			buildActionMask = 2147483647;
			files = (
				BA5219911FCD684900F835C9 /* ZaloraJupiterTests.swift in Sources */,
			);
			runOnlyForDeploymentPostprocessing = 0;
		};
/* End PBXSourcesBuildPhase section */

/* Begin PBXTargetDependency section */
		BA52198E1FCD684900F835C9 /* PBXTargetDependency */ = {
			isa = PBXTargetDependency;
			target = BA5219771FCD684800F835C9 /* ZaloraJupiter */;
			targetProxy = BA52198D1FCD684900F835C9 /* PBXContainerItemProxy */;
		};
/* End PBXTargetDependency section */

/* Begin PBXVariantGroup section */
		BA5219841FCD684800F835C9 /* LaunchScreen.storyboard */ = {
			isa = PBXVariantGroup;
			children = (
				BA5219851FCD684800F835C9 /* Base */,
			);
			name = LaunchScreen.storyboard;
			sourceTree = "<group>";
		};
/* End PBXVariantGroup section */

/* Begin XCBuildConfiguration section */
		BA5219931FCD684900F835C9 /* Debug */ = {
			isa = XCBuildConfiguration;
			buildSettings = {
				ALWAYS_SEARCH_USER_PATHS = NO;
				CLANG_ANALYZER_NONNULL = YES;
				CLANG_ANALYZER_NUMBER_OBJECT_CONVERSION = YES_AGGRESSIVE;
				CLANG_CXX_LANGUAGE_STANDARD = "gnu++14";
				CLANG_CXX_LIBRARY = "libc++";
				CLANG_ENABLE_MODULES = YES;
				CLANG_ENABLE_OBJC_ARC = YES;
				CLANG_WARN_BLOCK_CAPTURE_AUTORELEASING = YES;
				CLANG_WARN_BOOL_CONVERSION = YES;
				CLANG_WARN_COMMA = YES;
				CLANG_WARN_CONSTANT_CONVERSION = YES;
				CLANG_WARN_DIRECT_OBJC_ISA_USAGE = YES_ERROR;
				CLANG_WARN_DOCUMENTATION_COMMENTS = YES;
				CLANG_WARN_EMPTY_BODY = YES;
				CLANG_WARN_ENUM_CONVERSION = YES;
				CLANG_WARN_INFINITE_RECURSION = YES;
				CLANG_WARN_INT_CONVERSION = YES;
				CLANG_WARN_NON_LITERAL_NULL_CONVERSION = YES;
				CLANG_WARN_OBJC_LITERAL_CONVERSION = YES;
				CLANG_WARN_OBJC_ROOT_CLASS = YES_ERROR;
				CLANG_WARN_RANGE_LOOP_ANALYSIS = YES;
				CLANG_WARN_STRICT_PROTOTYPES = YES;
				CLANG_WARN_SUSPICIOUS_MOVE = YES;
				CLANG_WARN_UNGUARDED_AVAILABILITY = YES_AGGRESSIVE;
				CLANG_WARN_UNREACHABLE_CODE = YES;
				CLANG_WARN__DUPLICATE_METHOD_MATCH = YES;
				CODE_SIGN_IDENTITY = "iPhone Developer";
				COPY_PHASE_STRIP = NO;
				DEBUG_INFORMATION_FORMAT = dwarf;
				ENABLE_STRICT_OBJC_MSGSEND = YES;
				ENABLE_TESTABILITY = YES;
				GCC_C_LANGUAGE_STANDARD = gnu11;
				GCC_DYNAMIC_NO_PIC = NO;
				GCC_NO_COMMON_BLOCKS = YES;
				GCC_OPTIMIZATION_LEVEL = 0;
				GCC_PREPROCESSOR_DEFINITIONS = (
					"DEBUG=1",
					"$(inherited)",
				);
				GCC_WARN_64_TO_32_BIT_CONVERSION = YES;
				GCC_WARN_ABOUT_RETURN_TYPE = YES_ERROR;
				GCC_WARN_UNDECLARED_SELECTOR = YES;
				GCC_WARN_UNINITIALIZED_AUTOS = YES_AGGRESSIVE;
				GCC_WARN_UNUSED_FUNCTION = YES;
				GCC_WARN_UNUSED_VARIABLE = YES;
				IPHONEOS_DEPLOYMENT_TARGET = 11.1;
				MTL_ENABLE_DEBUG_INFO = YES;
				ONLY_ACTIVE_ARCH = YES;
				SDKROOT = iphoneos;
				SWIFT_ACTIVE_COMPILATION_CONDITIONS = DEBUG;
				SWIFT_OPTIMIZATION_LEVEL = "-Onone";
			};
			name = Debug;
		};
		BA5219941FCD684900F835C9 /* Release */ = {
			isa = XCBuildConfiguration;
			buildSettings = {
				ALWAYS_SEARCH_USER_PATHS = NO;
				CLANG_ANALYZER_NONNULL = YES;
				CLANG_ANALYZER_NUMBER_OBJECT_CONVERSION = YES_AGGRESSIVE;
				CLANG_CXX_LANGUAGE_STANDARD = "gnu++14";
				CLANG_CXX_LIBRARY = "libc++";
				CLANG_ENABLE_MODULES = YES;
				CLANG_ENABLE_OBJC_ARC = YES;
				CLANG_WARN_BLOCK_CAPTURE_AUTORELEASING = YES;
				CLANG_WARN_BOOL_CONVERSION = YES;
				CLANG_WARN_COMMA = YES;
				CLANG_WARN_CONSTANT_CONVERSION = YES;
				CLANG_WARN_DIRECT_OBJC_ISA_USAGE = YES_ERROR;
				CLANG_WARN_DOCUMENTATION_COMMENTS = YES;
				CLANG_WARN_EMPTY_BODY = YES;
				CLANG_WARN_ENUM_CONVERSION = YES;
				CLANG_WARN_INFINITE_RECURSION = YES;
				CLANG_WARN_INT_CONVERSION = YES;
				CLANG_WARN_NON_LITERAL_NULL_CONVERSION = YES;
				CLANG_WARN_OBJC_LITERAL_CONVERSION = YES;
				CLANG_WARN_OBJC_ROOT_CLASS = YES_ERROR;
				CLANG_WARN_RANGE_LOOP_ANALYSIS = YES;
				CLANG_WARN_STRICT_PROTOTYPES = YES;
				CLANG_WARN_SUSPICIOUS_MOVE = YES;
				CLANG_WARN_UNGUARDED_AVAILABILITY = YES_AGGRESSIVE;
				CLANG_WARN_UNREACHABLE_CODE = YES;
				CLANG_WARN__DUPLICATE_METHOD_MATCH = YES;
				CODE_SIGN_IDENTITY = "iPhone Developer";
				COPY_PHASE_STRIP = NO;
				DEBUG_INFORMATION_FORMAT = "dwarf-with-dsym";
				ENABLE_NS_ASSERTIONS = NO;
				ENABLE_STRICT_OBJC_MSGSEND = YES;
				GCC_C_LANGUAGE_STANDARD = gnu11;
				GCC_NO_COMMON_BLOCKS = YES;
				GCC_WARN_64_TO_32_BIT_CONVERSION = YES;
				GCC_WARN_ABOUT_RETURN_TYPE = YES_ERROR;
				GCC_WARN_UNDECLARED_SELECTOR = YES;
				GCC_WARN_UNINITIALIZED_AUTOS = YES_AGGRESSIVE;
				GCC_WARN_UNUSED_FUNCTION = YES;
				GCC_WARN_UNUSED_VARIABLE = YES;
				IPHONEOS_DEPLOYMENT_TARGET = 11.1;
				MTL_ENABLE_DEBUG_INFO = NO;
				SDKROOT = iphoneos;
				SWIFT_OPTIMIZATION_LEVEL = "-Owholemodule";
				VALIDATE_PRODUCT = YES;
			};
			name = Release;
		};
		BA5219961FCD684900F835C9 /* Debug */ = {
			isa = XCBuildConfiguration;
			buildSettings = {
				ASSETCATALOG_COMPILER_APPICON_NAME = AppIcon;
				CODE_SIGN_STYLE = Automatic;
				FRAMEWORK_SEARCH_PATHS = (
					"$(inherited)",
					"$(PROJECT_DIR)/Carthage/Build/iOS",
				);
				INFOPLIST_FILE = ZaloraJupiter/Info.plist;
				LD_RUNPATH_SEARCH_PATHS = "$(inherited) @executable_path/Frameworks";
				PRODUCT_BUNDLE_IDENTIFIER = com.fe.ZaloraJupiter;
				PRODUCT_NAME = "$(TARGET_NAME)";
				SWIFT_VERSION = 4.0;
				TARGETED_DEVICE_FAMILY = "1,2";
			};
			name = Debug;
		};
		BA5219971FCD684900F835C9 /* Release */ = {
			isa = XCBuildConfiguration;
			buildSettings = {
				ASSETCATALOG_COMPILER_APPICON_NAME = AppIcon;
				CODE_SIGN_STYLE = Automatic;
				FRAMEWORK_SEARCH_PATHS = (
					"$(inherited)",
					"$(PROJECT_DIR)/Carthage/Build/iOS",
				);
				INFOPLIST_FILE = ZaloraJupiter/Info.plist;
				LD_RUNPATH_SEARCH_PATHS = "$(inherited) @executable_path/Frameworks";
				PRODUCT_BUNDLE_IDENTIFIER = com.fe.ZaloraJupiter;
				PRODUCT_NAME = "$(TARGET_NAME)";
				SWIFT_VERSION = 4.0;
				TARGETED_DEVICE_FAMILY = "1,2";
			};
			name = Release;
		};
		BA5219991FCD684900F835C9 /* Debug */ = {
			isa = XCBuildConfiguration;
			buildSettings = {
				ALWAYS_EMBED_SWIFT_STANDARD_LIBRARIES = YES;
				BUNDLE_LOADER = "$(TEST_HOST)";
				CODE_SIGN_STYLE = Automatic;
				INFOPLIST_FILE = ZaloraJupiterTests/Info.plist;
				LD_RUNPATH_SEARCH_PATHS = "$(inherited) @executable_path/Frameworks @loader_path/Frameworks";
				PRODUCT_BUNDLE_IDENTIFIER = com.fe.ZaloraJupiterTests;
				PRODUCT_NAME = "$(TARGET_NAME)";
				SWIFT_VERSION = 4.0;
				TARGETED_DEVICE_FAMILY = "1,2";
				TEST_HOST = "$(BUILT_PRODUCTS_DIR)/ZaloraJupiter.app/ZaloraJupiter";
			};
			name = Debug;
		};
		BA52199A1FCD684900F835C9 /* Release */ = {
			isa = XCBuildConfiguration;
			buildSettings = {
				ALWAYS_EMBED_SWIFT_STANDARD_LIBRARIES = YES;
				BUNDLE_LOADER = "$(TEST_HOST)";
				CODE_SIGN_STYLE = Automatic;
				INFOPLIST_FILE = ZaloraJupiterTests/Info.plist;
				LD_RUNPATH_SEARCH_PATHS = "$(inherited) @executable_path/Frameworks @loader_path/Frameworks";
				PRODUCT_BUNDLE_IDENTIFIER = com.fe.ZaloraJupiterTests;
				PRODUCT_NAME = "$(TARGET_NAME)";
				SWIFT_VERSION = 4.0;
				TARGETED_DEVICE_FAMILY = "1,2";
				TEST_HOST = "$(BUILT_PRODUCTS_DIR)/ZaloraJupiter.app/ZaloraJupiter";
			};
			name = Release;
		};
/* End XCBuildConfiguration section */

/* Begin XCConfigurationList section */
		BA5219731FCD684800F835C9 /* Build configuration list for PBXProject "ZaloraJupiter" */ = {
			isa = XCConfigurationList;
			buildConfigurations = (
				BA5219931FCD684900F835C9 /* Debug */,
				BA5219941FCD684900F835C9 /* Release */,
			);
			defaultConfigurationIsVisible = 0;
			defaultConfigurationName = Release;
		};
		BA5219951FCD684900F835C9 /* Build configuration list for PBXNativeTarget "ZaloraJupiter" */ = {
			isa = XCConfigurationList;
			buildConfigurations = (
				BA5219961FCD684900F835C9 /* Debug */,
				BA5219971FCD684900F835C9 /* Release */,
			);
			defaultConfigurationIsVisible = 0;
			defaultConfigurationName = Release;
		};
		BA5219981FCD684900F835C9 /* Build configuration list for PBXNativeTarget "ZaloraJupiterTests" */ = {
			isa = XCConfigurationList;
			buildConfigurations = (
				BA5219991FCD684900F835C9 /* Debug */,
				BA52199A1FCD684900F835C9 /* Release */,
			);
			defaultConfigurationIsVisible = 0;
			defaultConfigurationName = Release;
		};
/* End XCConfigurationList section */
	};
	rootObject = BA5219701FCD684800F835C9 /* Project object */;
}
