// !$*UTF8*$!
{
	archiveVersion = 1;
	classes = {
	};
	objectVersion = 48;
	objects = {

/* Begin PBXBuildFile section */
		BA5219DC1FCD691600F835C9 /* ZaloraJupiterCore.framework in Frameworks */ = {isa = PBXBuildFile; fileRef = BA5219D21FCD691600F835C9 /* ZaloraJupiterCore.framework */; };
		BA5219E11FCD691600F835C9 /* ZaloraJupiterCoreTests.swift in Sources */ = {isa = PBXBuildFile; fileRef = BA5219E01FCD691600F835C9 /* ZaloraJupiterCoreTests.swift */; };
		BA5219E31FCD691600F835C9 /* ZaloraJupiterCore.h in Headers */ = {isa = PBXBuildFile; fileRef = BA5219D51FCD691600F835C9 /* ZaloraJupiterCore.h */; settings = {ATTRIBUTES = (Public, ); }; };
		BA971E601FCD6A700091471D /* HomeViewModel.swift in Sources */ = {isa = PBXBuildFile; fileRef = BA971E5F1FCD6A700091471D /* HomeViewModel.swift */; };
		BA971E621FCE5AB10091471D /* ViewModelCoordinator.swift in Sources */ = {isa = PBXBuildFile; fileRef = BA971E611FCE5AB10091471D /* ViewModelCoordinator.swift */; };
		BA971E671FCE5ACA0091471D /* PDVViewModel.swift in Sources */ = {isa = PBXBuildFile; fileRef = BA971E661FCE5ACA0091471D /* PDVViewModel.swift */; };
		BA971E691FCE5AD20091471D /* SearchViewModel.swift in Sources */ = {isa = PBXBuildFile; fileRef = BA971E681FCE5AD20091471D /* SearchViewModel.swift */; };
		BA971E6B1FCE5AD90091471D /* CatalogViewModel.swift in Sources */ = {isa = PBXBuildFile; fileRef = BA971E6A1FCE5AD90091471D /* CatalogViewModel.swift */; };
		BAD7D6921FCE5D5D006D8557 /* TrackingService.swift in Sources */ = {isa = PBXBuildFile; fileRef = BAD7D6911FCE5D5D006D8557 /* TrackingService.swift */; };
		BAD7D6951FCE5D76006D8557 /* NetworkService.swift in Sources */ = {isa = PBXBuildFile; fileRef = BAD7D6941FCE5D76006D8557 /* NetworkService.swift */; };
		BAD7D6981FCE5D8C006D8557 /* BaseModel.swift in Sources */ = {isa = PBXBuildFile; fileRef = BAD7D6971FCE5D8C006D8557 /* BaseModel.swift */; };
		BAD7D69A1FCE5DA1006D8557 /* Product.swift in Sources */ = {isa = PBXBuildFile; fileRef = BAD7D6991FCE5DA1006D8557 /* Product.swift */; };
		BAD7D69C1FCE5F2B006D8557 /* SideMenuViewModel.swift in Sources */ = {isa = PBXBuildFile; fileRef = BAD7D69B1FCE5F2B006D8557 /* SideMenuViewModel.swift */; };
		BAD7D69F1FCE60AD006D8557 /* AppViewModel.swift in Sources */ = {isa = PBXBuildFile; fileRef = BAD7D69E1FCE60AD006D8557 /* AppViewModel.swift */; };
/* End PBXBuildFile section */

/* Begin PBXContainerItemProxy section */
		BA5219DD1FCD691600F835C9 /* PBXContainerItemProxy */ = {
			isa = PBXContainerItemProxy;
			containerPortal = BA5219C91FCD691600F835C9 /* Project object */;
			proxyType = 1;
			remoteGlobalIDString = BA5219D11FCD691600F835C9;
			remoteInfo = ZaloraJupiterCore;
		};
/* End PBXContainerItemProxy section */

/* Begin PBXFileReference section */
		BA5219D21FCD691600F835C9 /* ZaloraJupiterCore.framework */ = {isa = PBXFileReference; explicitFileType = wrapper.framework; includeInIndex = 0; path = ZaloraJupiterCore.framework; sourceTree = BUILT_PRODUCTS_DIR; };
		BA5219D51FCD691600F835C9 /* ZaloraJupiterCore.h */ = {isa = PBXFileReference; lastKnownFileType = sourcecode.c.h; path = ZaloraJupiterCore.h; sourceTree = "<group>"; };
		BA5219D61FCD691600F835C9 /* Info.plist */ = {isa = PBXFileReference; lastKnownFileType = text.plist.xml; path = Info.plist; sourceTree = "<group>"; };
		BA5219DB1FCD691600F835C9 /* ZaloraJupiterCoreTests.xctest */ = {isa = PBXFileReference; explicitFileType = wrapper.cfbundle; includeInIndex = 0; path = ZaloraJupiterCoreTests.xctest; sourceTree = BUILT_PRODUCTS_DIR; };
		BA5219E01FCD691600F835C9 /* ZaloraJupiterCoreTests.swift */ = {isa = PBXFileReference; lastKnownFileType = sourcecode.swift; path = ZaloraJupiterCoreTests.swift; sourceTree = "<group>"; };
		BA5219E21FCD691600F835C9 /* Info.plist */ = {isa = PBXFileReference; lastKnownFileType = text.plist.xml; path = Info.plist; sourceTree = "<group>"; };
		BA971E5F1FCD6A700091471D /* HomeViewModel.swift */ = {isa = PBXFileReference; lastKnownFileType = sourcecode.swift; path = HomeViewModel.swift; sourceTree = "<group>"; };
		BA971E611FCE5AB10091471D /* ViewModelCoordinator.swift */ = {isa = PBXFileReference; lastKnownFileType = sourcecode.swift; path = ViewModelCoordinator.swift; sourceTree = "<group>"; };
		BA971E661FCE5ACA0091471D /* PDVViewModel.swift */ = {isa = PBXFileReference; lastKnownFileType = sourcecode.swift; path = PDVViewModel.swift; sourceTree = "<group>"; };
		BA971E681FCE5AD20091471D /* SearchViewModel.swift */ = {isa = PBXFileReference; lastKnownFileType = sourcecode.swift; path = SearchViewModel.swift; sourceTree = "<group>"; };
		BA971E6A1FCE5AD90091471D /* CatalogViewModel.swift */ = {isa = PBXFileReference; lastKnownFileType = sourcecode.swift; path = CatalogViewModel.swift; sourceTree = "<group>"; };
		BAD7D6911FCE5D5D006D8557 /* TrackingService.swift */ = {isa = PBXFileReference; lastKnownFileType = sourcecode.swift; path = TrackingService.swift; sourceTree = "<group>"; };
		BAD7D6941FCE5D76006D8557 /* NetworkService.swift */ = {isa = PBXFileReference; lastKnownFileType = sourcecode.swift; path = NetworkService.swift; sourceTree = "<group>"; };
		BAD7D6971FCE5D8C006D8557 /* BaseModel.swift */ = {isa = PBXFileReference; lastKnownFileType = sourcecode.swift; path = BaseModel.swift; sourceTree = "<group>"; };
		BAD7D6991FCE5DA1006D8557 /* Product.swift */ = {isa = PBXFileReference; lastKnownFileType = sourcecode.swift; path = Product.swift; sourceTree = "<group>"; };
		BAD7D69B1FCE5F2B006D8557 /* SideMenuViewModel.swift */ = {isa = PBXFileReference; lastKnownFileType = sourcecode.swift; path = SideMenuViewModel.swift; sourceTree = "<group>"; };
		BAD7D69E1FCE60AD006D8557 /* AppViewModel.swift */ = {isa = PBXFileReference; lastKnownFileType = sourcecode.swift; path = AppViewModel.swift; sourceTree = "<group>"; };
/* End PBXFileReference section */

/* Begin PBXFrameworksBuildPhase section */
		BA5219CE1FCD691600F835C9 /* Frameworks */ = {
			isa = PBXFrameworksBuildPhase;
			buildActionMask = 2147483647;
			files = (
			);
			runOnlyForDeploymentPostprocessing = 0;
		};
		BA5219D81FCD691600F835C9 /* Frameworks */ = {
			isa = PBXFrameworksBuildPhase;
			buildActionMask = 2147483647;
			files = (
				BA5219DC1FCD691600F835C9 /* ZaloraJupiterCore.framework in Frameworks */,
			);
			runOnlyForDeploymentPostprocessing = 0;
		};
/* End PBXFrameworksBuildPhase section */

/* Begin PBXGroup section */
		BA5219C81FCD691600F835C9 = {
			isa = PBXGroup;
			children = (
				BA5219D41FCD691600F835C9 /* ZaloraJupiterCore */,
				BA5219DF1FCD691600F835C9 /* ZaloraJupiterCoreTests */,
				BA5219D31FCD691600F835C9 /* Products */,
			);
			sourceTree = "<group>";
		};
		BA5219D31FCD691600F835C9 /* Products */ = {
			isa = PBXGroup;
			children = (
				BA5219D21FCD691600F835C9 /* ZaloraJupiterCore.framework */,
				BA5219DB1FCD691600F835C9 /* ZaloraJupiterCoreTests.xctest */,
			);
			name = Products;
			sourceTree = "<group>";
		};
		BA5219D41FCD691600F835C9 /* ZaloraJupiterCore */ = {
			isa = PBXGroup;
			children = (
				BA971E5C1FCD6A4C0091471D /* Share */,
				BA971E5D1FCD6A530091471D /* Source */,
				BA5219D51FCD691600F835C9 /* ZaloraJupiterCore.h */,
				BA5219D61FCD691600F835C9 /* Info.plist */,
			);
			path = ZaloraJupiterCore;
			sourceTree = "<group>";
		};
		BA5219DF1FCD691600F835C9 /* ZaloraJupiterCoreTests */ = {
			isa = PBXGroup;
			children = (
				BA5219E01FCD691600F835C9 /* ZaloraJupiterCoreTests.swift */,
				BA5219E21FCD691600F835C9 /* Info.plist */,
			);
			path = ZaloraJupiterCoreTests;
			sourceTree = "<group>";
		};
		BA971E5C1FCD6A4C0091471D /* Share */ = {
			isa = PBXGroup;
			children = (
			);
			path = Share;
			sourceTree = "<group>";
		};
		BA971E5D1FCD6A530091471D /* Source */ = {
			isa = PBXGroup;
			children = (
				BAD7D6961FCE5D7A006D8557 /* Model */,
				BAD7D6901FCE5D4E006D8557 /* Services */,
				BA971E631FCE5AB60091471D /* Coordinator */,
				BA971E5E1FCD6A5D0091471D /* View Models */,
			);
			path = Source;
			sourceTree = "<group>";
		};
		BA971E5E1FCD6A5D0091471D /* View Models */ = {
			isa = PBXGroup;
			children = (
				BAD7D69E1FCE60AD006D8557 /* AppViewModel.swift */,
				BA971E5F1FCD6A700091471D /* HomeViewModel.swift */,
				BA971E661FCE5ACA0091471D /* PDVViewModel.swift */,
				BA971E681FCE5AD20091471D /* SearchViewModel.swift */,
				BA971E6A1FCE5AD90091471D /* CatalogViewModel.swift */,
				BAD7D69B1FCE5F2B006D8557 /* SideMenuViewModel.swift */,
			);
			path = "View Models";
			sourceTree = "<group>";
		};
		BA971E631FCE5AB60091471D /* Coordinator */ = {
			isa = PBXGroup;
			children = (
				BA971E611FCE5AB10091471D /* ViewModelCoordinator.swift */,
			);
			path = Coordinator;
			sourceTree = "<group>";
		};
		BAD7D6901FCE5D4E006D8557 /* Services */ = {
			isa = PBXGroup;
			children = (
				BAD7D6911FCE5D5D006D8557 /* TrackingService.swift */,
				BAD7D6941FCE5D76006D8557 /* NetworkService.swift */,
			);
			path = Services;
			sourceTree = "<group>";
		};
		BAD7D6961FCE5D7A006D8557 /* Model */ = {
			isa = PBXGroup;
			children = (
				BAD7D6971FCE5D8C006D8557 /* BaseModel.swift */,
				BAD7D6991FCE5DA1006D8557 /* Product.swift */,
			);
			path = Model;
			sourceTree = "<group>";
		};
/* End PBXGroup section */

/* Begin PBXHeadersBuildPhase section */
		BA5219CF1FCD691600F835C9 /* Headers */ = {
			isa = PBXHeadersBuildPhase;
			buildActionMask = 2147483647;
			files = (
				BA5219E31FCD691600F835C9 /* ZaloraJupiterCore.h in Headers */,
			);
			runOnlyForDeploymentPostprocessing = 0;
		};
/* End PBXHeadersBuildPhase section */

/* Begin PBXNativeTarget section */
		BA5219D11FCD691600F835C9 /* ZaloraJupiterCore */ = {
			isa = PBXNativeTarget;
			buildConfigurationList = BA5219E61FCD691600F835C9 /* Build configuration list for PBXNativeTarget "ZaloraJupiterCore" */;
			buildPhases = (
				BA5219CD1FCD691600F835C9 /* Sources */,
				BA5219CE1FCD691600F835C9 /* Frameworks */,
				BA5219CF1FCD691600F835C9 /* Headers */,
				BA5219D01FCD691600F835C9 /* Resources */,
			);
			buildRules = (
			);
			dependencies = (
			);
			name = ZaloraJupiterCore;
			productName = ZaloraJupiterCore;
			productReference = BA5219D21FCD691600F835C9 /* ZaloraJupiterCore.framework */;
			productType = "com.apple.product-type.framework";
		};
		BA5219DA1FCD691600F835C9 /* ZaloraJupiterCoreTests */ = {
			isa = PBXNativeTarget;
			buildConfigurationList = BA5219E91FCD691600F835C9 /* Build configuration list for PBXNativeTarget "ZaloraJupiterCoreTests" */;
			buildPhases = (
				BA5219D71FCD691600F835C9 /* Sources */,
				BA5219D81FCD691600F835C9 /* Frameworks */,
				BA5219D91FCD691600F835C9 /* Resources */,
			);
			buildRules = (
			);
			dependencies = (
				BA5219DE1FCD691600F835C9 /* PBXTargetDependency */,
			);
			name = ZaloraJupiterCoreTests;
			productName = ZaloraJupiterCoreTests;
			productReference = BA5219DB1FCD691600F835C9 /* ZaloraJupiterCoreTests.xctest */;
			productType = "com.apple.product-type.bundle.unit-test";
		};
/* End PBXNativeTarget section */

/* Begin PBXProject section */
		BA5219C91FCD691600F835C9 /* Project object */ = {
			isa = PBXProject;
			attributes = {
				LastSwiftUpdateCheck = 0910;
				LastUpgradeCheck = 0910;
				ORGANIZATIONNAME = Zalora;
				TargetAttributes = {
					BA5219D11FCD691600F835C9 = {
						CreatedOnToolsVersion = 9.1;
						LastSwiftMigration = 0920;
						ProvisioningStyle = Automatic;
					};
					BA5219DA1FCD691600F835C9 = {
						CreatedOnToolsVersion = 9.1;
						ProvisioningStyle = Automatic;
					};
				};
			};
			buildConfigurationList = BA5219CC1FCD691600F835C9 /* Build configuration list for PBXProject "ZaloraJupiterCore" */;
			compatibilityVersion = "Xcode 8.0";
			developmentRegion = en;
			hasScannedForEncodings = 0;
			knownRegions = (
				en,
			);
			mainGroup = BA5219C81FCD691600F835C9;
			productRefGroup = BA5219D31FCD691600F835C9 /* Products */;
			projectDirPath = "";
			projectRoot = "";
			targets = (
				BA5219D11FCD691600F835C9 /* ZaloraJupiterCore */,
				BA5219DA1FCD691600F835C9 /* ZaloraJupiterCoreTests */,
			);
		};
/* End PBXProject section */

/* Begin PBXResourcesBuildPhase section */
		BA5219D01FCD691600F835C9 /* Resources */ = {
			isa = PBXResourcesBuildPhase;
			buildActionMask = 2147483647;
			files = (
			);
			runOnlyForDeploymentPostprocessing = 0;
		};
		BA5219D91FCD691600F835C9 /* Resources */ = {
			isa = PBXResourcesBuildPhase;
			buildActionMask = 2147483647;
			files = (
			);
			runOnlyForDeploymentPostprocessing = 0;
		};
/* End PBXResourcesBuildPhase section */

/* Begin PBXSourcesBuildPhase section */
		BA5219CD1FCD691600F835C9 /* Sources */ = {
			isa = PBXSourcesBuildPhase;
			buildActionMask = 2147483647;
			files = (
				BA971E601FCD6A700091471D /* HomeViewModel.swift in Sources */,
				BA971E691FCE5AD20091471D /* SearchViewModel.swift in Sources */,
				BAD7D69A1FCE5DA1006D8557 /* Product.swift in Sources */,
				BA971E6B1FCE5AD90091471D /* CatalogViewModel.swift in Sources */,
				BA971E621FCE5AB10091471D /* ViewModelCoordinator.swift in Sources */,
				BA971E671FCE5ACA0091471D /* PDVViewModel.swift in Sources */,
				BAD7D6921FCE5D5D006D8557 /* TrackingService.swift in Sources */,
				BAD7D6981FCE5D8C006D8557 /* BaseModel.swift in Sources */,
				BAD7D69F1FCE60AD006D8557 /* AppViewModel.swift in Sources */,
				BAD7D69C1FCE5F2B006D8557 /* SideMenuViewModel.swift in Sources */,
				BAD7D6951FCE5D76006D8557 /* NetworkService.swift in Sources */,
			);
			runOnlyForDeploymentPostprocessing = 0;
		};
		BA5219D71FCD691600F835C9 /* Sources */ = {
			isa = PBXSourcesBuildPhase;
			buildActionMask = 2147483647;
			files = (
				BA5219E11FCD691600F835C9 /* ZaloraJupiterCoreTests.swift in Sources */,
			);
			runOnlyForDeploymentPostprocessing = 0;
		};
/* End PBXSourcesBuildPhase section */

/* Begin PBXTargetDependency section */
		BA5219DE1FCD691600F835C9 /* PBXTargetDependency */ = {
			isa = PBXTargetDependency;
			target = BA5219D11FCD691600F835C9 /* ZaloraJupiterCore */;
			targetProxy = BA5219DD1FCD691600F835C9 /* PBXContainerItemProxy */;
		};
/* End PBXTargetDependency section */

/* Begin XCBuildConfiguration section */
		BA5219E41FCD691600F835C9 /* Debug */ = {
			isa = XCBuildConfiguration;
			buildSettings = {
				ALWAYS_SEARCH_USER_PATHS = NO;
				CLANG_ANALYZER_NONNULL = YES;
				CLANG_ANALYZER_NUMBER_OBJECT_CONVERSION = YES_AGGRESSIVE;
				CLANG_CXX_LANGUAGE_STANDARD = "gnu++14";
				CLANG_CXX_LIBRARY = "libc++";
				CLANG_ENABLE_MODULES = YES;
				CLANG_ENABLE_OBJC_ARC = YES;
				CLANG_WARN_BLOCK_CAPTURE_AUTORELEASING = YES;
				CLANG_WARN_BOOL_CONVERSION = YES;
				CLANG_WARN_COMMA = YES;
				CLANG_WARN_CONSTANT_CONVERSION = YES;
				CLANG_WARN_DIRECT_OBJC_ISA_USAGE = YES_ERROR;
				CLANG_WARN_DOCUMENTATION_COMMENTS = YES;
				CLANG_WARN_EMPTY_BODY = YES;
				CLANG_WARN_ENUM_CONVERSION = YES;
				CLANG_WARN_INFINITE_RECURSION = YES;
				CLANG_WARN_INT_CONVERSION = YES;
				CLANG_WARN_NON_LITERAL_NULL_CONVERSION = YES;
				CLANG_WARN_OBJC_LITERAL_CONVERSION = YES;
				CLANG_WARN_OBJC_ROOT_CLASS = YES_ERROR;
				CLANG_WARN_RANGE_LOOP_ANALYSIS = YES;
				CLANG_WARN_STRICT_PROTOTYPES = YES;
				CLANG_WARN_SUSPICIOUS_MOVE = YES;
				CLANG_WARN_UNGUARDED_AVAILABILITY = YES_AGGRESSIVE;
				CLANG_WARN_UNREACHABLE_CODE = YES;
				CLANG_WARN__DUPLICATE_METHOD_MATCH = YES;
				CODE_SIGN_IDENTITY = "iPhone Developer";
				COPY_PHASE_STRIP = NO;
				CURRENT_PROJECT_VERSION = 1;
				DEBUG_INFORMATION_FORMAT = dwarf;
				ENABLE_STRICT_OBJC_MSGSEND = YES;
				ENABLE_TESTABILITY = YES;
				GCC_C_LANGUAGE_STANDARD = gnu11;
				GCC_DYNAMIC_NO_PIC = NO;
				GCC_NO_COMMON_BLOCKS = YES;
				GCC_OPTIMIZATION_LEVEL = 0;
				GCC_PREPROCESSOR_DEFINITIONS = (
					"DEBUG=1",
					"$(inherited)",
				);
				GCC_WARN_64_TO_32_BIT_CONVERSION = YES;
				GCC_WARN_ABOUT_RETURN_TYPE = YES_ERROR;
				GCC_WARN_UNDECLARED_SELECTOR = YES;
				GCC_WARN_UNINITIALIZED_AUTOS = YES_AGGRESSIVE;
				GCC_WARN_UNUSED_FUNCTION = YES;
				GCC_WARN_UNUSED_VARIABLE = YES;
				IPHONEOS_DEPLOYMENT_TARGET = 11.1;
				MTL_ENABLE_DEBUG_INFO = YES;
				ONLY_ACTIVE_ARCH = YES;
				SDKROOT = iphoneos;
				SWIFT_ACTIVE_COMPILATION_CONDITIONS = DEBUG;
				SWIFT_OPTIMIZATION_LEVEL = "-Onone";
				VERSIONING_SYSTEM = "apple-generic";
				VERSION_INFO_PREFIX = "";
			};
			name = Debug;
		};
		BA5219E51FCD691600F835C9 /* Release */ = {
			isa = XCBuildConfiguration;
			buildSettings = {
				ALWAYS_SEARCH_USER_PATHS = NO;
				CLANG_ANALYZER_NONNULL = YES;
				CLANG_ANALYZER_NUMBER_OBJECT_CONVERSION = YES_AGGRESSIVE;
				CLANG_CXX_LANGUAGE_STANDARD = "gnu++14";
				CLANG_CXX_LIBRARY = "libc++";
				CLANG_ENABLE_MODULES = YES;
				CLANG_ENABLE_OBJC_ARC = YES;
				CLANG_WARN_BLOCK_CAPTURE_AUTORELEASING = YES;
				CLANG_WARN_BOOL_CONVERSION = YES;
				CLANG_WARN_COMMA = YES;
				CLANG_WARN_CONSTANT_CONVERSION = YES;
				CLANG_WARN_DIRECT_OBJC_ISA_USAGE = YES_ERROR;
				CLANG_WARN_DOCUMENTATION_COMMENTS = YES;
				CLANG_WARN_EMPTY_BODY = YES;
				CLANG_WARN_ENUM_CONVERSION = YES;
				CLANG_WARN_INFINITE_RECURSION = YES;
				CLANG_WARN_INT_CONVERSION = YES;
				CLANG_WARN_NON_LITERAL_NULL_CONVERSION = YES;
				CLANG_WARN_OBJC_LITERAL_CONVERSION = YES;
				CLANG_WARN_OBJC_ROOT_CLASS = YES_ERROR;
				CLANG_WARN_RANGE_LOOP_ANALYSIS = YES;
				CLANG_WARN_STRICT_PROTOTYPES = YES;
				CLANG_WARN_SUSPICIOUS_MOVE = YES;
				CLANG_WARN_UNGUARDED_AVAILABILITY = YES_AGGRESSIVE;
				CLANG_WARN_UNREACHABLE_CODE = YES;
				CLANG_WARN__DUPLICATE_METHOD_MATCH = YES;
				CODE_SIGN_IDENTITY = "iPhone Developer";
				COPY_PHASE_STRIP = NO;
				CURRENT_PROJECT_VERSION = 1;
				DEBUG_INFORMATION_FORMAT = "dwarf-with-dsym";
				ENABLE_NS_ASSERTIONS = NO;
				ENABLE_STRICT_OBJC_MSGSEND = YES;
				GCC_C_LANGUAGE_STANDARD = gnu11;
				GCC_NO_COMMON_BLOCKS = YES;
				GCC_WARN_64_TO_32_BIT_CONVERSION = YES;
				GCC_WARN_ABOUT_RETURN_TYPE = YES_ERROR;
				GCC_WARN_UNDECLARED_SELECTOR = YES;
				GCC_WARN_UNINITIALIZED_AUTOS = YES_AGGRESSIVE;
				GCC_WARN_UNUSED_FUNCTION = YES;
				GCC_WARN_UNUSED_VARIABLE = YES;
				IPHONEOS_DEPLOYMENT_TARGET = 11.1;
				MTL_ENABLE_DEBUG_INFO = NO;
				SDKROOT = iphoneos;
				SWIFT_OPTIMIZATION_LEVEL = "-Owholemodule";
				VALIDATE_PRODUCT = YES;
				VERSIONING_SYSTEM = "apple-generic";
				VERSION_INFO_PREFIX = "";
			};
			name = Release;
		};
		BA5219E71FCD691600F835C9 /* Debug */ = {
			isa = XCBuildConfiguration;
			buildSettings = {
				CLANG_ENABLE_MODULES = YES;
				CODE_SIGN_IDENTITY = "";
				CODE_SIGN_STYLE = Automatic;
				DEFINES_MODULE = YES;
				DYLIB_COMPATIBILITY_VERSION = 1;
				DYLIB_CURRENT_VERSION = 1;
				DYLIB_INSTALL_NAME_BASE = "@rpath";
				INFOPLIST_FILE = ZaloraJupiterCore/Info.plist;
				INSTALL_PATH = "$(LOCAL_LIBRARY_DIR)/Frameworks";
				LD_RUNPATH_SEARCH_PATHS = "$(inherited) @executable_path/Frameworks @loader_path/Frameworks";
				PRODUCT_BUNDLE_IDENTIFIER = com.fe.ZaloraJupiterCore;
				PRODUCT_NAME = "$(TARGET_NAME:c99extidentifier)";
				SKIP_INSTALL = YES;
				SWIFT_OPTIMIZATION_LEVEL = "-Onone";
				SWIFT_VERSION = 4.0;
				TARGETED_DEVICE_FAMILY = "1,2";
			};
			name = Debug;
		};
		BA5219E81FCD691600F835C9 /* Release */ = {
			isa = XCBuildConfiguration;
			buildSettings = {
				CLANG_ENABLE_MODULES = YES;
				CODE_SIGN_IDENTITY = "";
				CODE_SIGN_STYLE = Automatic;
				DEFINES_MODULE = YES;
				DYLIB_COMPATIBILITY_VERSION = 1;
				DYLIB_CURRENT_VERSION = 1;
				DYLIB_INSTALL_NAME_BASE = "@rpath";
				INFOPLIST_FILE = ZaloraJupiterCore/Info.plist;
				INSTALL_PATH = "$(LOCAL_LIBRARY_DIR)/Frameworks";
				LD_RUNPATH_SEARCH_PATHS = "$(inherited) @executable_path/Frameworks @loader_path/Frameworks";
				PRODUCT_BUNDLE_IDENTIFIER = com.fe.ZaloraJupiterCore;
				PRODUCT_NAME = "$(TARGET_NAME:c99extidentifier)";
				SKIP_INSTALL = YES;
				SWIFT_VERSION = 4.0;
				TARGETED_DEVICE_FAMILY = "1,2";
			};
			name = Release;
		};
		BA5219EA1FCD691600F835C9 /* Debug */ = {
			isa = XCBuildConfiguration;
			buildSettings = {
				ALWAYS_EMBED_SWIFT_STANDARD_LIBRARIES = YES;
				CODE_SIGN_STYLE = Automatic;
				INFOPLIST_FILE = ZaloraJupiterCoreTests/Info.plist;
				LD_RUNPATH_SEARCH_PATHS = "$(inherited) @executable_path/Frameworks @loader_path/Frameworks";
				PRODUCT_BUNDLE_IDENTIFIER = com.fe.ZaloraJupiterCoreTests;
				PRODUCT_NAME = "$(TARGET_NAME)";
				SWIFT_VERSION = 4.0;
				TARGETED_DEVICE_FAMILY = "1,2";
			};
			name = Debug;
		};
		BA5219EB1FCD691600F835C9 /* Release */ = {
			isa = XCBuildConfiguration;
			buildSettings = {
				ALWAYS_EMBED_SWIFT_STANDARD_LIBRARIES = YES;
				CODE_SIGN_STYLE = Automatic;
				INFOPLIST_FILE = ZaloraJupiterCoreTests/Info.plist;
				LD_RUNPATH_SEARCH_PATHS = "$(inherited) @executable_path/Frameworks @loader_path/Frameworks";
				PRODUCT_BUNDLE_IDENTIFIER = com.fe.ZaloraJupiterCoreTests;
				PRODUCT_NAME = "$(TARGET_NAME)";
				SWIFT_VERSION = 4.0;
				TARGETED_DEVICE_FAMILY = "1,2";
			};
			name = Release;
		};
/* End XCBuildConfiguration section */

/* Begin XCConfigurationList section */
		BA5219CC1FCD691600F835C9 /* Build configuration list for PBXProject "ZaloraJupiterCore" */ = {
			isa = XCConfigurationList;
			buildConfigurations = (
				BA5219E41FCD691600F835C9 /* Debug */,
				BA5219E51FCD691600F835C9 /* Release */,
			);
			defaultConfigurationIsVisible = 0;
			defaultConfigurationName = Release;
		};
		BA5219E61FCD691600F835C9 /* Build configuration list for PBXNativeTarget "ZaloraJupiterCore" */ = {
			isa = XCConfigurationList;
			buildConfigurations = (
				BA5219E71FCD691600F835C9 /* Debug */,
				BA5219E81FCD691600F835C9 /* Release */,
			);
			defaultConfigurationIsVisible = 0;
			defaultConfigurationName = Release;
		};
		BA5219E91FCD691600F835C9 /* Build configuration list for PBXNativeTarget "ZaloraJupiterCoreTests" */ = {
			isa = XCConfigurationList;
			buildConfigurations = (
				BA5219EA1FCD691600F835C9 /* Debug */,
				BA5219EB1FCD691600F835C9 /* Release */,
			);
			defaultConfigurationIsVisible = 0;
			defaultConfigurationName = Release;
		};
/* End XCConfigurationList section */
	};
	rootObject = BA5219C91FCD691600F835C9 /* Project object */;
}
