// !$*UTF8*$!
{
	archiveVersion = 1;
	classes = {
	};
	objectVersion = 48;
	objects = {

/* Begin PBXBuildFile section */
		BA2820931FD24E49004428E8 /* ZAConfig.swift in Sources */ = {isa = PBXBuildFile; fileRef = BA2820921FD24E49004428E8 /* ZAConfig.swift */; };
		BA2820961FD24F5D004428E8 /* TrackingParameter.swift in Sources */ = {isa = PBXBuildFile; fileRef = BA2820951FD24F5D004428E8 /* TrackingParameter.swift */; };
		BA28209B1FD253F4004428E8 /* OpenScreenTrackingParam.swift in Sources */ = {isa = PBXBuildFile; fileRef = BA28209A1FD253F4004428E8 /* OpenScreenTrackingParam.swift */; };
		BA28209D1FD25814004428E8 /* TrackerProtocol.swift in Sources */ = {isa = PBXBuildFile; fileRef = BA28209C1FD25814004428E8 /* TrackerProtocol.swift */; };
		BA28209F1FD2588F004428E8 /* ZABrand.swift in Sources */ = {isa = PBXBuildFile; fileRef = BA28209E1FD2588F004428E8 /* ZABrand.swift */; };
		BA2820A11FD2589E004428E8 /* ZACatalog.swift in Sources */ = {isa = PBXBuildFile; fileRef = BA2820A01FD2589E004428E8 /* ZACatalog.swift */; };
		BA2820A31FD25BC7004428E8 /* SelectTeaserTrackingParam.swift in Sources */ = {isa = PBXBuildFile; fileRef = BA2820A21FD25BC7004428E8 /* SelectTeaserTrackingParam.swift */; };
		BA5219DC1FCD691600F835C9 /* ZaloraJupiterCore.framework in Frameworks */ = {isa = PBXBuildFile; fileRef = BA5219D21FCD691600F835C9 /* ZaloraJupiterCore.framework */; };
		BA5219E11FCD691600F835C9 /* ZaloraJupiterCoreTests.swift in Sources */ = {isa = PBXBuildFile; fileRef = BA5219E01FCD691600F835C9 /* ZaloraJupiterCoreTests.swift */; };
		BA5219E31FCD691600F835C9 /* ZaloraJupiterCore.h in Headers */ = {isa = PBXBuildFile; fileRef = BA5219D51FCD691600F835C9 /* ZaloraJupiterCore.h */; settings = {ATTRIBUTES = (Public, ); }; };
		BA5847331FCFDBCA005BB113 /* DeepURLService.swift in Sources */ = {isa = PBXBuildFile; fileRef = BA5847321FCFDBCA005BB113 /* DeepURLService.swift */; };
		BA5847351FCFDC15005BB113 /* DeepURLScheme.swift in Sources */ = {isa = PBXBuildFile; fileRef = BA5847341FCFDC15005BB113 /* DeepURLScheme.swift */; };
		BA5847371FCFDC53005BB113 /* DeepURLSchemeType.swift in Sources */ = {isa = PBXBuildFile; fileRef = BA5847361FCFDC53005BB113 /* DeepURLSchemeType.swift */; };
		BA5847391FCFDDC2005BB113 /* DeepURLParser.swift in Sources */ = {isa = PBXBuildFile; fileRef = BA5847381FCFDDC2005BB113 /* DeepURLParser.swift */; };
		BA686EDD1FD24AB700A90934 /* TrackingHomeParam.swift in Sources */ = {isa = PBXBuildFile; fileRef = BA686EDC1FD24AB700A90934 /* TrackingHomeParam.swift */; };
		BA686EDF1FD24B4600A90934 /* ZAAppConfig.swift in Sources */ = {isa = PBXBuildFile; fileRef = BA686EDE1FD24B4600A90934 /* ZAAppConfig.swift */; };
		BA7D170B1FD2816E007B7C3F /* EmptyTrackingService.swift in Sources */ = {isa = PBXBuildFile; fileRef = BA7D170A1FD2816E007B7C3F /* EmptyTrackingService.swift */; };
		BA7D17111FD282A6007B7C3F /* FetchHomeProductSample.json in Resources */ = {isa = PBXBuildFile; fileRef = BA7D17101FD282A5007B7C3F /* FetchHomeProductSample.json */; };
		BA7D17141FD2831E007B7C3F /* TrackingServiceTests.swift in Sources */ = {isa = PBXBuildFile; fileRef = BA7D17131FD2831E007B7C3F /* TrackingServiceTests.swift */; };
		BA7D17161FD285EB007B7C3F /* Trackers.swift in Sources */ = {isa = PBXBuildFile; fileRef = BA7D17151FD285EB007B7C3F /* Trackers.swift */; };
		BA7D17191FD28953007B7C3F /* Comparation.swift in Sources */ = {isa = PBXBuildFile; fileRef = BA7D17181FD28953007B7C3F /* Comparation.swift */; };
		BA971E601FCD6A700091471D /* HomeViewModel.swift in Sources */ = {isa = PBXBuildFile; fileRef = BA971E5F1FCD6A700091471D /* HomeViewModel.swift */; };
		BA971E621FCE5AB10091471D /* ViewModelCoordinator.swift in Sources */ = {isa = PBXBuildFile; fileRef = BA971E611FCE5AB10091471D /* ViewModelCoordinator.swift */; };
		BA971E671FCE5ACA0091471D /* PDVViewModel.swift in Sources */ = {isa = PBXBuildFile; fileRef = BA971E661FCE5ACA0091471D /* PDVViewModel.swift */; };
		BA971E691FCE5AD20091471D /* SearchViewModel.swift in Sources */ = {isa = PBXBuildFile; fileRef = BA971E681FCE5AD20091471D /* SearchViewModel.swift */; };
		BA971E6B1FCE5AD90091471D /* CatalogViewModel.swift in Sources */ = {isa = PBXBuildFile; fileRef = BA971E6A1FCE5AD90091471D /* CatalogViewModel.swift */; };
		BA9800231FCECF16003FC0D6 /* TrackingFeatureProtocols.swift in Sources */ = {isa = PBXBuildFile; fileRef = BA9800221FCECF16003FC0D6 /* TrackingFeatureProtocols.swift */; };
		BA9800261FCECF8D003FC0D6 /* NetworkProtocols.swift in Sources */ = {isa = PBXBuildFile; fileRef = BA9800251FCECF8D003FC0D6 /* NetworkProtocols.swift */; };
		BA9800291FCED03B003FC0D6 /* HomeViewModelTests.swift in Sources */ = {isa = PBXBuildFile; fileRef = BA9800281FCED03B003FC0D6 /* HomeViewModelTests.swift */; };
		BAA4775A1FCE744D00DDAFF5 /* GTMTracker.swift in Sources */ = {isa = PBXBuildFile; fileRef = BAA477591FCE744D00DDAFF5 /* GTMTracker.swift */; };
		BAA4775F1FCE750F00DDAFF5 /* AdjustTracker.swift in Sources */ = {isa = PBXBuildFile; fileRef = BAA4775E1FCE750F00DDAFF5 /* AdjustTracker.swift */; };
		BAA477631FCE910500DDAFF5 /* ZAHomeScreenRowData.swift in Sources */ = {isa = PBXBuildFile; fileRef = BAA477621FCE910500DDAFF5 /* ZAHomeScreenRowData.swift */; };
		BAA477651FCE921300DDAFF5 /* ZATeaser.swift in Sources */ = {isa = PBXBuildFile; fileRef = BAA477641FCE921300DDAFF5 /* ZATeaser.swift */; };
		BAA4778D1FCEA84600DDAFF5 /* MenuViewModel.swift in Sources */ = {isa = PBXBuildFile; fileRef = BAA4778C1FCEA84600DDAFF5 /* MenuViewModel.swift */; };
		BAA477911FCEAA1600DDAFF5 /* ZAMenuData.swift in Sources */ = {isa = PBXBuildFile; fileRef = BAA477901FCEAA1600DDAFF5 /* ZAMenuData.swift */; };
		BABCEDEA1FD109AB00CE9F42 /* AnyRequest.swift in Sources */ = {isa = PBXBuildFile; fileRef = BABCEDE91FD109AB00CE9F42 /* AnyRequest.swift */; };
		BABCEDEE1FD10EC000CE9F42 /* JSONFetcher.swift in Sources */ = {isa = PBXBuildFile; fileRef = BABCEDED1FD10EC000CE9F42 /* JSONFetcher.swift */; };
		BABCEDF11FD10ED500CE9F42 /* NetworkFetchable.swift in Sources */ = {isa = PBXBuildFile; fileRef = BABCEDF01FD10ED500CE9F42 /* NetworkFetchable.swift */; };
		BAD7D6921FCE5D5D006D8557 /* TrackingService.swift in Sources */ = {isa = PBXBuildFile; fileRef = BAD7D6911FCE5D5D006D8557 /* TrackingService.swift */; };
		BAD7D6951FCE5D76006D8557 /* NetworkService.swift in Sources */ = {isa = PBXBuildFile; fileRef = BAD7D6941FCE5D76006D8557 /* NetworkService.swift */; };
		BAD7D6981FCE5D8C006D8557 /* ZABaseModel.swift in Sources */ = {isa = PBXBuildFile; fileRef = BAD7D6971FCE5D8C006D8557 /* ZABaseModel.swift */; };
		BAD7D69A1FCE5DA1006D8557 /* ZAProduct.swift in Sources */ = {isa = PBXBuildFile; fileRef = BAD7D6991FCE5DA1006D8557 /* ZAProduct.swift */; };
		BAD7D69C1FCE5F2B006D8557 /* SideMenuViewModel.swift in Sources */ = {isa = PBXBuildFile; fileRef = BAD7D69B1FCE5F2B006D8557 /* SideMenuViewModel.swift */; };
		BAD7D69F1FCE60AD006D8557 /* AppViewModel.swift in Sources */ = {isa = PBXBuildFile; fileRef = BAD7D69E1FCE60AD006D8557 /* AppViewModel.swift */; };
		BAE859CC1FD0FE3800D58A3E /* Unbox.framework in Frameworks */ = {isa = PBXBuildFile; fileRef = BAE859CB1FD0FE3800D58A3E /* Unbox.framework */; };
		BAE859CF1FD0FFB500D58A3E /* ZaloraAPIFetcher.swift in Sources */ = {isa = PBXBuildFile; fileRef = BAE859CE1FD0FFB500D58A3E /* ZaloraAPIFetcher.swift */; };
		BAE859D11FD1007C00D58A3E /* Request.swift in Sources */ = {isa = PBXBuildFile; fileRef = BAE859D01FD1007C00D58A3E /* Request.swift */; };
		BAE859D31FD1012700D58A3E /* Alamofire.framework in Frameworks */ = {isa = PBXBuildFile; fileRef = BAE859D21FD1012700D58A3E /* Alamofire.framework */; };
		BAE859D51FD1015700D58A3E /* Parameter.swift in Sources */ = {isa = PBXBuildFile; fileRef = BAE859D41FD1015700D58A3E /* Parameter.swift */; };
		BAE859D71FD1018600D58A3E /* FetchHomeProductRequest.swift in Sources */ = {isa = PBXBuildFile; fileRef = BAE859D61FD1018600D58A3E /* FetchHomeProductRequest.swift */; };
		BAE859DB1FD101E000D58A3E /* ZAUser.swift in Sources */ = {isa = PBXBuildFile; fileRef = BAE859DA1FD101E000D58A3E /* ZAUser.swift */; };
		BAE859DD1FD1024100D58A3E /* Constants.swift in Sources */ = {isa = PBXBuildFile; fileRef = BAE859DC1FD1024100D58A3E /* Constants.swift */; };
		BAE859E11FD1030900D58A3E /* Request+Error.swift in Sources */ = {isa = PBXBuildFile; fileRef = BAE859DE1FD1030900D58A3E /* Request+Error.swift */; };
		BAE859E21FD1030900D58A3E /* Request+Alamofire.swift in Sources */ = {isa = PBXBuildFile; fileRef = BAE859DF1FD1030900D58A3E /* Request+Alamofire.swift */; };
		BAE859E31FD1030900D58A3E /* Request+Default.swift in Sources */ = {isa = PBXBuildFile; fileRef = BAE859E01FD1030900D58A3E /* Request+Default.swift */; };
/* End PBXBuildFile section */

/* Begin PBXContainerItemProxy section */
		BA5219DD1FCD691600F835C9 /* PBXContainerItemProxy */ = {
			isa = PBXContainerItemProxy;
			containerPortal = BA5219C91FCD691600F835C9 /* Project object */;
			proxyType = 1;
			remoteGlobalIDString = BA5219D11FCD691600F835C9;
			remoteInfo = ZaloraJupiterCore;
		};
/* End PBXContainerItemProxy section */

/* Begin PBXFileReference section */
		BA2820921FD24E49004428E8 /* ZAConfig.swift */ = {isa = PBXFileReference; lastKnownFileType = sourcecode.swift; path = ZAConfig.swift; sourceTree = "<group>"; };
		BA2820941FD24F0F004428E8 /* AdSupport.framework */ = {isa = PBXFileReference; lastKnownFileType = wrapper.framework; name = AdSupport.framework; path = System/Library/Frameworks/AdSupport.framework; sourceTree = SDKROOT; };
		BA2820951FD24F5D004428E8 /* TrackingParameter.swift */ = {isa = PBXFileReference; lastKnownFileType = sourcecode.swift; path = TrackingParameter.swift; sourceTree = "<group>"; };
		BA28209A1FD253F4004428E8 /* OpenScreenTrackingParam.swift */ = {isa = PBXFileReference; lastKnownFileType = sourcecode.swift; path = OpenScreenTrackingParam.swift; sourceTree = "<group>"; };
		BA28209C1FD25814004428E8 /* TrackerProtocol.swift */ = {isa = PBXFileReference; lastKnownFileType = sourcecode.swift; path = TrackerProtocol.swift; sourceTree = "<group>"; };
		BA28209E1FD2588F004428E8 /* ZABrand.swift */ = {isa = PBXFileReference; lastKnownFileType = sourcecode.swift; path = ZABrand.swift; sourceTree = "<group>"; };
		BA2820A01FD2589E004428E8 /* ZACatalog.swift */ = {isa = PBXFileReference; lastKnownFileType = sourcecode.swift; path = ZACatalog.swift; sourceTree = "<group>"; };
		BA2820A21FD25BC7004428E8 /* SelectTeaserTrackingParam.swift */ = {isa = PBXFileReference; lastKnownFileType = sourcecode.swift; path = SelectTeaserTrackingParam.swift; sourceTree = "<group>"; };
		BA5219D21FCD691600F835C9 /* ZaloraJupiterCore.framework */ = {isa = PBXFileReference; explicitFileType = wrapper.framework; includeInIndex = 0; path = ZaloraJupiterCore.framework; sourceTree = BUILT_PRODUCTS_DIR; };
		BA5219D51FCD691600F835C9 /* ZaloraJupiterCore.h */ = {isa = PBXFileReference; lastKnownFileType = sourcecode.c.h; path = ZaloraJupiterCore.h; sourceTree = "<group>"; };
		BA5219D61FCD691600F835C9 /* Info.plist */ = {isa = PBXFileReference; lastKnownFileType = text.plist.xml; path = Info.plist; sourceTree = "<group>"; };
		BA5219DB1FCD691600F835C9 /* ZaloraJupiterCoreTests.xctest */ = {isa = PBXFileReference; explicitFileType = wrapper.cfbundle; includeInIndex = 0; path = ZaloraJupiterCoreTests.xctest; sourceTree = BUILT_PRODUCTS_DIR; };
		BA5219E01FCD691600F835C9 /* ZaloraJupiterCoreTests.swift */ = {isa = PBXFileReference; lastKnownFileType = sourcecode.swift; path = ZaloraJupiterCoreTests.swift; sourceTree = "<group>"; };
		BA5219E21FCD691600F835C9 /* Info.plist */ = {isa = PBXFileReference; lastKnownFileType = text.plist.xml; path = Info.plist; sourceTree = "<group>"; };
		BA5847321FCFDBCA005BB113 /* DeepURLService.swift */ = {isa = PBXFileReference; lastKnownFileType = sourcecode.swift; path = DeepURLService.swift; sourceTree = "<group>"; };
		BA5847341FCFDC15005BB113 /* DeepURLScheme.swift */ = {isa = PBXFileReference; lastKnownFileType = sourcecode.swift; path = DeepURLScheme.swift; sourceTree = "<group>"; };
		BA5847361FCFDC53005BB113 /* DeepURLSchemeType.swift */ = {isa = PBXFileReference; lastKnownFileType = sourcecode.swift; path = DeepURLSchemeType.swift; sourceTree = "<group>"; };
		BA5847381FCFDDC2005BB113 /* DeepURLParser.swift */ = {isa = PBXFileReference; lastKnownFileType = sourcecode.swift; path = DeepURLParser.swift; sourceTree = "<group>"; };
		BA686EDC1FD24AB700A90934 /* TrackingHomeParam.swift */ = {isa = PBXFileReference; lastKnownFileType = sourcecode.swift; path = TrackingHomeParam.swift; sourceTree = "<group>"; };
		BA686EDE1FD24B4600A90934 /* ZAAppConfig.swift */ = {isa = PBXFileReference; lastKnownFileType = sourcecode.swift; path = ZAAppConfig.swift; sourceTree = "<group>"; };
		BA7D170A1FD2816E007B7C3F /* EmptyTrackingService.swift */ = {isa = PBXFileReference; lastKnownFileType = sourcecode.swift; path = EmptyTrackingService.swift; sourceTree = "<group>"; };
		BA7D17101FD282A5007B7C3F /* FetchHomeProductSample.json */ = {isa = PBXFileReference; fileEncoding = 4; lastKnownFileType = text.json; path = FetchHomeProductSample.json; sourceTree = "<group>"; };
		BA7D17131FD2831E007B7C3F /* TrackingServiceTests.swift */ = {isa = PBXFileReference; lastKnownFileType = sourcecode.swift; path = TrackingServiceTests.swift; sourceTree = "<group>"; };
		BA7D17151FD285EB007B7C3F /* Trackers.swift */ = {isa = PBXFileReference; lastKnownFileType = sourcecode.swift; path = Trackers.swift; sourceTree = "<group>"; };
		BA7D17181FD28953007B7C3F /* Comparation.swift */ = {isa = PBXFileReference; lastKnownFileType = sourcecode.swift; path = Comparation.swift; sourceTree = "<group>"; };
		BA971E5F1FCD6A700091471D /* HomeViewModel.swift */ = {isa = PBXFileReference; lastKnownFileType = sourcecode.swift; path = HomeViewModel.swift; sourceTree = "<group>"; };
		BA971E611FCE5AB10091471D /* ViewModelCoordinator.swift */ = {isa = PBXFileReference; lastKnownFileType = sourcecode.swift; path = ViewModelCoordinator.swift; sourceTree = "<group>"; };
		BA971E661FCE5ACA0091471D /* PDVViewModel.swift */ = {isa = PBXFileReference; lastKnownFileType = sourcecode.swift; path = PDVViewModel.swift; sourceTree = "<group>"; };
		BA971E681FCE5AD20091471D /* SearchViewModel.swift */ = {isa = PBXFileReference; lastKnownFileType = sourcecode.swift; path = SearchViewModel.swift; sourceTree = "<group>"; };
		BA971E6A1FCE5AD90091471D /* CatalogViewModel.swift */ = {isa = PBXFileReference; lastKnownFileType = sourcecode.swift; path = CatalogViewModel.swift; sourceTree = "<group>"; };
		BA9800221FCECF16003FC0D6 /* TrackingFeatureProtocols.swift */ = {isa = PBXFileReference; lastKnownFileType = sourcecode.swift; path = TrackingFeatureProtocols.swift; sourceTree = "<group>"; };
		BA9800251FCECF8D003FC0D6 /* NetworkProtocols.swift */ = {isa = PBXFileReference; lastKnownFileType = sourcecode.swift; path = NetworkProtocols.swift; sourceTree = "<group>"; };
		BA9800281FCED03B003FC0D6 /* HomeViewModelTests.swift */ = {isa = PBXFileReference; lastKnownFileType = sourcecode.swift; path = HomeViewModelTests.swift; sourceTree = "<group>"; };
		BAA477591FCE744D00DDAFF5 /* GTMTracker.swift */ = {isa = PBXFileReference; lastKnownFileType = sourcecode.swift; path = GTMTracker.swift; sourceTree = "<group>"; };
		BAA4775E1FCE750F00DDAFF5 /* AdjustTracker.swift */ = {isa = PBXFileReference; lastKnownFileType = sourcecode.swift; path = AdjustTracker.swift; sourceTree = "<group>"; };
		BAA477621FCE910500DDAFF5 /* ZAHomeScreenRowData.swift */ = {isa = PBXFileReference; lastKnownFileType = sourcecode.swift; path = ZAHomeScreenRowData.swift; sourceTree = "<group>"; };
		BAA477641FCE921300DDAFF5 /* ZATeaser.swift */ = {isa = PBXFileReference; lastKnownFileType = sourcecode.swift; path = ZATeaser.swift; sourceTree = "<group>"; };
		BAA4778C1FCEA84600DDAFF5 /* MenuViewModel.swift */ = {isa = PBXFileReference; lastKnownFileType = sourcecode.swift; path = MenuViewModel.swift; sourceTree = "<group>"; };
		BAA477901FCEAA1600DDAFF5 /* ZAMenuData.swift */ = {isa = PBXFileReference; lastKnownFileType = sourcecode.swift; path = ZAMenuData.swift; sourceTree = "<group>"; };
		BABCEDE91FD109AB00CE9F42 /* AnyRequest.swift */ = {isa = PBXFileReference; lastKnownFileType = sourcecode.swift; path = AnyRequest.swift; sourceTree = "<group>"; };
		BABCEDED1FD10EC000CE9F42 /* JSONFetcher.swift */ = {isa = PBXFileReference; lastKnownFileType = sourcecode.swift; path = JSONFetcher.swift; sourceTree = "<group>"; };
		BABCEDF01FD10ED500CE9F42 /* NetworkFetchable.swift */ = {isa = PBXFileReference; lastKnownFileType = sourcecode.swift; path = NetworkFetchable.swift; sourceTree = "<group>"; };
		BAD7D6911FCE5D5D006D8557 /* TrackingService.swift */ = {isa = PBXFileReference; lastKnownFileType = sourcecode.swift; path = TrackingService.swift; sourceTree = "<group>"; };
		BAD7D6941FCE5D76006D8557 /* NetworkService.swift */ = {isa = PBXFileReference; lastKnownFileType = sourcecode.swift; path = NetworkService.swift; sourceTree = "<group>"; };
		BAD7D6971FCE5D8C006D8557 /* ZABaseModel.swift */ = {isa = PBXFileReference; lastKnownFileType = sourcecode.swift; path = ZABaseModel.swift; sourceTree = "<group>"; };
		BAD7D6991FCE5DA1006D8557 /* ZAProduct.swift */ = {isa = PBXFileReference; lastKnownFileType = sourcecode.swift; path = ZAProduct.swift; sourceTree = "<group>"; };
		BAD7D69B1FCE5F2B006D8557 /* SideMenuViewModel.swift */ = {isa = PBXFileReference; lastKnownFileType = sourcecode.swift; path = SideMenuViewModel.swift; sourceTree = "<group>"; };
		BAD7D69E1FCE60AD006D8557 /* AppViewModel.swift */ = {isa = PBXFileReference; lastKnownFileType = sourcecode.swift; path = AppViewModel.swift; sourceTree = "<group>"; };
		BAE859CB1FD0FE3800D58A3E /* Unbox.framework */ = {isa = PBXFileReference; lastKnownFileType = wrapper.framework; name = Unbox.framework; path = ../Carthage/Build/iOS/Unbox.framework; sourceTree = "<group>"; };
		BAE859CE1FD0FFB500D58A3E /* ZaloraAPIFetcher.swift */ = {isa = PBXFileReference; lastKnownFileType = sourcecode.swift; path = ZaloraAPIFetcher.swift; sourceTree = "<group>"; };
		BAE859D01FD1007C00D58A3E /* Request.swift */ = {isa = PBXFileReference; lastKnownFileType = sourcecode.swift; path = Request.swift; sourceTree = "<group>"; };
		BAE859D21FD1012700D58A3E /* Alamofire.framework */ = {isa = PBXFileReference; lastKnownFileType = wrapper.framework; name = Alamofire.framework; path = ../Carthage/Build/iOS/Alamofire.framework; sourceTree = "<group>"; };
		BAE859D41FD1015700D58A3E /* Parameter.swift */ = {isa = PBXFileReference; lastKnownFileType = sourcecode.swift; path = Parameter.swift; sourceTree = "<group>"; };
		BAE859D61FD1018600D58A3E /* FetchHomeProductRequest.swift */ = {isa = PBXFileReference; lastKnownFileType = sourcecode.swift; path = FetchHomeProductRequest.swift; sourceTree = "<group>"; };
		BAE859DA1FD101E000D58A3E /* ZAUser.swift */ = {isa = PBXFileReference; lastKnownFileType = sourcecode.swift; path = ZAUser.swift; sourceTree = "<group>"; };
		BAE859DC1FD1024100D58A3E /* Constants.swift */ = {isa = PBXFileReference; lastKnownFileType = sourcecode.swift; path = Constants.swift; sourceTree = "<group>"; };
		BAE859DE1FD1030900D58A3E /* Request+Error.swift */ = {isa = PBXFileReference; fileEncoding = 4; lastKnownFileType = sourcecode.swift; path = "Request+Error.swift"; sourceTree = "<group>"; };
		BAE859DF1FD1030900D58A3E /* Request+Alamofire.swift */ = {isa = PBXFileReference; fileEncoding = 4; lastKnownFileType = sourcecode.swift; path = "Request+Alamofire.swift"; sourceTree = "<group>"; };
		BAE859E01FD1030900D58A3E /* Request+Default.swift */ = {isa = PBXFileReference; fileEncoding = 4; lastKnownFileType = sourcecode.swift; path = "Request+Default.swift"; sourceTree = "<group>"; };
/* End PBXFileReference section */

/* Begin PBXFrameworksBuildPhase section */
		BA5219CE1FCD691600F835C9 /* Frameworks */ = {
			isa = PBXFrameworksBuildPhase;
			buildActionMask = 2147483647;
			files = (
				BAE859CC1FD0FE3800D58A3E /* Unbox.framework in Frameworks */,
				BAE859D31FD1012700D58A3E /* Alamofire.framework in Frameworks */,
			);
			runOnlyForDeploymentPostprocessing = 0;
		};
		BA5219D81FCD691600F835C9 /* Frameworks */ = {
			isa = PBXFrameworksBuildPhase;
			buildActionMask = 2147483647;
			files = (
				BA5219DC1FCD691600F835C9 /* ZaloraJupiterCore.framework in Frameworks */,
			);
			runOnlyForDeploymentPostprocessing = 0;
		};
/* End PBXFrameworksBuildPhase section */

/* Begin PBXGroup section */
		BA2820911FD24E3B004428E8 /* Config */ = {
			isa = PBXGroup;
			children = (
				BA2820921FD24E49004428E8 /* ZAConfig.swift */,
			);
			path = Config;
			sourceTree = "<group>";
		};
		BA5219C81FCD691600F835C9 = {
			isa = PBXGroup;
			children = (
				BA5219D41FCD691600F835C9 /* ZaloraJupiterCore */,
				BA5219DF1FCD691600F835C9 /* ZaloraJupiterCoreTests */,
				BA5219D31FCD691600F835C9 /* Products */,
				BAE859CA1FD0FE3800D58A3E /* Frameworks */,
			);
			sourceTree = "<group>";
		};
		BA5219D31FCD691600F835C9 /* Products */ = {
			isa = PBXGroup;
			children = (
				BA5219D21FCD691600F835C9 /* ZaloraJupiterCore.framework */,
				BA5219DB1FCD691600F835C9 /* ZaloraJupiterCoreTests.xctest */,
			);
			name = Products;
			sourceTree = "<group>";
		};
		BA5219D41FCD691600F835C9 /* ZaloraJupiterCore */ = {
			isa = PBXGroup;
			children = (
				BA971E5C1FCD6A4C0091471D /* Share */,
				BA971E5D1FCD6A530091471D /* Source */,
				BA5219D51FCD691600F835C9 /* ZaloraJupiterCore.h */,
				BA5219D61FCD691600F835C9 /* Info.plist */,
				BAE859DC1FD1024100D58A3E /* Constants.swift */,
			);
			path = ZaloraJupiterCore;
			sourceTree = "<group>";
		};
		BA5219DF1FCD691600F835C9 /* ZaloraJupiterCoreTests */ = {
			isa = PBXGroup;
			children = (
				BA7D17171FD28948007B7C3F /* Comparation */,
				BA7D17121FD282FE007B7C3F /* Services */,
				BA7D170F1FD281DC007B7C3F /* Resource */,
				BA7D17091FD28162007B7C3F /* Share */,
				BA9800271FCED021003FC0D6 /* View Models */,
				BA5219E01FCD691600F835C9 /* ZaloraJupiterCoreTests.swift */,
				BA5219E21FCD691600F835C9 /* Info.plist */,
			);
			path = ZaloraJupiterCoreTests;
			sourceTree = "<group>";
		};
		BA58472F1FCFDBAA005BB113 /* DeepURLService */ = {
			isa = PBXGroup;
			children = (
				BA5847341FCFDC15005BB113 /* DeepURLScheme.swift */,
				BA5847321FCFDBCA005BB113 /* DeepURLService.swift */,
				BA5847361FCFDC53005BB113 /* DeepURLSchemeType.swift */,
				BA5847381FCFDDC2005BB113 /* DeepURLParser.swift */,
			);
			path = DeepURLService;
			sourceTree = "<group>";
		};
		BA686EDA1FD24A2D00A90934 /* Tracker */ = {
			isa = PBXGroup;
			children = (
				BAA477591FCE744D00DDAFF5 /* GTMTracker.swift */,
				BAA4775E1FCE750F00DDAFF5 /* AdjustTracker.swift */,
				BA28209C1FD25814004428E8 /* TrackerProtocol.swift */,
			);
			path = Tracker;
			sourceTree = "<group>";
		};
		BA686EDB1FD24A3700A90934 /* Param */ = {
			isa = PBXGroup;
			children = (
				BA686EDC1FD24AB700A90934 /* TrackingHomeParam.swift */,
				BA28209A1FD253F4004428E8 /* OpenScreenTrackingParam.swift */,
				BA2820A21FD25BC7004428E8 /* SelectTeaserTrackingParam.swift */,
			);
			path = Param;
			sourceTree = "<group>";
		};
		BA686EE01FD24BC000A90934 /* App Config */ = {
			isa = PBXGroup;
			children = (
				BA2820911FD24E3B004428E8 /* Config */,
				BA686EDE1FD24B4600A90934 /* ZAAppConfig.swift */,
			);
			path = "App Config";
			sourceTree = "<group>";
		};
		BA7D17091FD28162007B7C3F /* Share */ = {
			isa = PBXGroup;
			children = (
				BA7D17181FD28953007B7C3F /* Comparation.swift */,
				BA7D170A1FD2816E007B7C3F /* EmptyTrackingService.swift */,
				BA7D17151FD285EB007B7C3F /* Trackers.swift */,
			);
			path = Share;
			sourceTree = "<group>";
		};
		BA7D170F1FD281DC007B7C3F /* Resource */ = {
			isa = PBXGroup;
			children = (
			);
			path = Resource;
			sourceTree = "<group>";
		};
		BA7D17121FD282FE007B7C3F /* Services */ = {
			isa = PBXGroup;
			children = (
				BA7D17131FD2831E007B7C3F /* TrackingServiceTests.swift */,
			);
			path = Services;
			sourceTree = "<group>";
		};
		BA7D17171FD28948007B7C3F /* Comparation */ = {
			isa = PBXGroup;
			children = (
			);
			path = Comparation;
			sourceTree = "<group>";
		};
		BA971E5C1FCD6A4C0091471D /* Share */ = {
			isa = PBXGroup;
			children = (
				BA7D17101FD282A5007B7C3F /* FetchHomeProductSample.json */,
			);
			path = Share;
			sourceTree = "<group>";
		};
		BA971E5D1FCD6A530091471D /* Source */ = {
			isa = PBXGroup;
			children = (
				BA686EE01FD24BC000A90934 /* App Config */,
				BAD7D6961FCE5D7A006D8557 /* Model */,
				BAD7D6901FCE5D4E006D8557 /* Services */,
				BA971E631FCE5AB60091471D /* Coordinator */,
				BA971E5E1FCD6A5D0091471D /* View Models */,
			);
			path = Source;
			sourceTree = "<group>";
		};
		BA971E5E1FCD6A5D0091471D /* View Models */ = {
			isa = PBXGroup;
			children = (
				BAD7D69E1FCE60AD006D8557 /* AppViewModel.swift */,
				BA971E5F1FCD6A700091471D /* HomeViewModel.swift */,
				BAA4778C1FCEA84600DDAFF5 /* MenuViewModel.swift */,
				BA971E661FCE5ACA0091471D /* PDVViewModel.swift */,
				BA971E681FCE5AD20091471D /* SearchViewModel.swift */,
				BA971E6A1FCE5AD90091471D /* CatalogViewModel.swift */,
				BAD7D69B1FCE5F2B006D8557 /* SideMenuViewModel.swift */,
			);
			path = "View Models";
			sourceTree = "<group>";
		};
		BA971E631FCE5AB60091471D /* Coordinator */ = {
			isa = PBXGroup;
			children = (
				BA971E611FCE5AB10091471D /* ViewModelCoordinator.swift */,
			);
			path = Coordinator;
			sourceTree = "<group>";
		};
		BA9800201FCECEA2003FC0D6 /* Request */ = {
			isa = PBXGroup;
			children = (
				BAE859D61FD1018600D58A3E /* FetchHomeProductRequest.swift */,
			);
			path = Request;
			sourceTree = "<group>";
		};
		BA9800211FCECF00003FC0D6 /* Protocols */ = {
			isa = PBXGroup;
			children = (
				BA9800221FCECF16003FC0D6 /* TrackingFeatureProtocols.swift */,
				BA2820951FD24F5D004428E8 /* TrackingParameter.swift */,
			);
			path = Protocols;
			sourceTree = "<group>";
		};
		BA9800241FCECF7F003FC0D6 /* Protocols */ = {
			isa = PBXGroup;
			children = (
				BA9800251FCECF8D003FC0D6 /* NetworkProtocols.swift */,
			);
			path = Protocols;
			sourceTree = "<group>";
		};
		BA9800271FCED021003FC0D6 /* View Models */ = {
			isa = PBXGroup;
			children = (
				BA9800281FCED03B003FC0D6 /* HomeViewModelTests.swift */,
			);
			path = "View Models";
			sourceTree = "<group>";
		};
		BAA4775B1FCE745000DDAFF5 /* Tracking */ = {
			isa = PBXGroup;
			children = (
				BA686EDB1FD24A3700A90934 /* Param */,
				BA686EDA1FD24A2D00A90934 /* Tracker */,
				BA9800211FCECF00003FC0D6 /* Protocols */,
				BAD7D6911FCE5D5D006D8557 /* TrackingService.swift */,
			);
			path = Tracking;
			sourceTree = "<group>";
		};
		BAA477601FCE899400DDAFF5 /* Network */ = {
			isa = PBXGroup;
			children = (
				BABCEDEF1FD10EC300CE9F42 /* Fetcher */,
				BAE859E41FD1030D00D58A3E /* Base */,
				BA9800241FCECF7F003FC0D6 /* Protocols */,
				BA9800201FCECEA2003FC0D6 /* Request */,
				BAD7D6941FCE5D76006D8557 /* NetworkService.swift */,
			);
			path = Network;
			sourceTree = "<group>";
		};
		BABCEDEF1FD10EC300CE9F42 /* Fetcher */ = {
			isa = PBXGroup;
			children = (
				BAE859CE1FD0FFB500D58A3E /* ZaloraAPIFetcher.swift */,
				BABCEDED1FD10EC000CE9F42 /* JSONFetcher.swift */,
				BABCEDF01FD10ED500CE9F42 /* NetworkFetchable.swift */,
			);
			path = Fetcher;
			sourceTree = "<group>";
		};
		BAD7D6901FCE5D4E006D8557 /* Services */ = {
			isa = PBXGroup;
			children = (
				BA58472F1FCFDBAA005BB113 /* DeepURLService */,
				BAA477601FCE899400DDAFF5 /* Network */,
				BAA4775B1FCE745000DDAFF5 /* Tracking */,
			);
			path = Services;
			sourceTree = "<group>";
		};
		BAD7D6961FCE5D7A006D8557 /* Model */ = {
			isa = PBXGroup;
			children = (
				BAD7D6971FCE5D8C006D8557 /* ZABaseModel.swift */,
				BAD7D6991FCE5DA1006D8557 /* ZAProduct.swift */,
				BAA477621FCE910500DDAFF5 /* ZAHomeScreenRowData.swift */,
				BAA477641FCE921300DDAFF5 /* ZATeaser.swift */,
				BAA477901FCEAA1600DDAFF5 /* ZAMenuData.swift */,
				BAE859DA1FD101E000D58A3E /* ZAUser.swift */,
				BA28209E1FD2588F004428E8 /* ZABrand.swift */,
				BA2820A01FD2589E004428E8 /* ZACatalog.swift */,
			);
			path = Model;
			sourceTree = "<group>";
		};
		BAE859CA1FD0FE3800D58A3E /* Frameworks */ = {
			isa = PBXGroup;
			children = (
				BA2820941FD24F0F004428E8 /* AdSupport.framework */,
				BAE859D21FD1012700D58A3E /* Alamofire.framework */,
				BAE859CB1FD0FE3800D58A3E /* Unbox.framework */,
			);
			name = Frameworks;
			sourceTree = "<group>";
		};
		BAE859E41FD1030D00D58A3E /* Base */ = {
			isa = PBXGroup;
			children = (
				BAE859DF1FD1030900D58A3E /* Request+Alamofire.swift */,
				BAE859E01FD1030900D58A3E /* Request+Default.swift */,
				BAE859DE1FD1030900D58A3E /* Request+Error.swift */,
				BAE859D01FD1007C00D58A3E /* Request.swift */,
				BAE859D41FD1015700D58A3E /* Parameter.swift */,
				BABCEDE91FD109AB00CE9F42 /* AnyRequest.swift */,
			);
			path = Base;
			sourceTree = "<group>";
		};
/* End PBXGroup section */

/* Begin PBXHeadersBuildPhase section */
		BA5219CF1FCD691600F835C9 /* Headers */ = {
			isa = PBXHeadersBuildPhase;
			buildActionMask = 2147483647;
			files = (
				BA5219E31FCD691600F835C9 /* ZaloraJupiterCore.h in Headers */,
			);
			runOnlyForDeploymentPostprocessing = 0;
		};
/* End PBXHeadersBuildPhase section */

/* Begin PBXNativeTarget section */
		BA5219D11FCD691600F835C9 /* ZaloraJupiterCore */ = {
			isa = PBXNativeTarget;
			buildConfigurationList = BA5219E61FCD691600F835C9 /* Build configuration list for PBXNativeTarget "ZaloraJupiterCore" */;
			buildPhases = (
				BA5219CD1FCD691600F835C9 /* Sources */,
				BA5219CE1FCD691600F835C9 /* Frameworks */,
				BA5219CF1FCD691600F835C9 /* Headers */,
				BA5219D01FCD691600F835C9 /* Resources */,
				BAE859CD1FD0FE4A00D58A3E /* ShellScript */,
			);
			buildRules = (
			);
			dependencies = (
			);
			name = ZaloraJupiterCore;
			productName = ZaloraJupiterCore;
			productReference = BA5219D21FCD691600F835C9 /* ZaloraJupiterCore.framework */;
			productType = "com.apple.product-type.framework";
		};
		BA5219DA1FCD691600F835C9 /* ZaloraJupiterCoreTests */ = {
			isa = PBXNativeTarget;
			buildConfigurationList = BA5219E91FCD691600F835C9 /* Build configuration list for PBXNativeTarget "ZaloraJupiterCoreTests" */;
			buildPhases = (
				BA5219D71FCD691600F835C9 /* Sources */,
				BA5219D81FCD691600F835C9 /* Frameworks */,
				BA5219D91FCD691600F835C9 /* Resources */,
			);
			buildRules = (
			);
			dependencies = (
				BA5219DE1FCD691600F835C9 /* PBXTargetDependency */,
			);
			name = ZaloraJupiterCoreTests;
			productName = ZaloraJupiterCoreTests;
			productReference = BA5219DB1FCD691600F835C9 /* ZaloraJupiterCoreTests.xctest */;
			productType = "com.apple.product-type.bundle.unit-test";
		};
/* End PBXNativeTarget section */

/* Begin PBXProject section */
		BA5219C91FCD691600F835C9 /* Project object */ = {
			isa = PBXProject;
			attributes = {
				LastSwiftUpdateCheck = 0910;
				LastUpgradeCheck = 0910;
				ORGANIZATIONNAME = Zalora;
				TargetAttributes = {
					BA5219D11FCD691600F835C9 = {
						CreatedOnToolsVersion = 9.1;
						LastSwiftMigration = 0920;
						ProvisioningStyle = Automatic;
					};
					BA5219DA1FCD691600F835C9 = {
						CreatedOnToolsVersion = 9.1;
						ProvisioningStyle = Automatic;
					};
				};
			};
			buildConfigurationList = BA5219CC1FCD691600F835C9 /* Build configuration list for PBXProject "ZaloraJupiterCore" */;
			compatibilityVersion = "Xcode 8.0";
			developmentRegion = en;
			hasScannedForEncodings = 0;
			knownRegions = (
				en,
			);
			mainGroup = BA5219C81FCD691600F835C9;
			productRefGroup = BA5219D31FCD691600F835C9 /* Products */;
			projectDirPath = "";
			projectRoot = "";
			targets = (
				BA5219D11FCD691600F835C9 /* ZaloraJupiterCore */,
				BA5219DA1FCD691600F835C9 /* ZaloraJupiterCoreTests */,
			);
		};
/* End PBXProject section */

/* Begin PBXResourcesBuildPhase section */
		BA5219D01FCD691600F835C9 /* Resources */ = {
			isa = PBXResourcesBuildPhase;
			buildActionMask = 2147483647;
			files = (
				BA7D17111FD282A6007B7C3F /* FetchHomeProductSample.json in Resources */,
			);
			runOnlyForDeploymentPostprocessing = 0;
		};
		BA5219D91FCD691600F835C9 /* Resources */ = {
			isa = PBXResourcesBuildPhase;
			buildActionMask = 2147483647;
			files = (
			);
			runOnlyForDeploymentPostprocessing = 0;
		};
/* End PBXResourcesBuildPhase section */

/* Begin PBXShellScriptBuildPhase section */
		BAE859CD1FD0FE4A00D58A3E /* ShellScript */ = {
			isa = PBXShellScriptBuildPhase;
			buildActionMask = 2147483647;
			files = (
			);
			inputPaths = (
				"$(SRCROOT)/../Carthage/Build/iOS/Unbox.framework",
				"$(SRCROOT)/../Carthage/Build/iOS/Alamofire.framework",
			);
			outputPaths = (
			);
			runOnlyForDeploymentPostprocessing = 0;
			shellPath = /bin/sh;
			shellScript = "/usr/local/bin/carthage copy-frameworks";
		};
/* End PBXShellScriptBuildPhase section */

/* Begin PBXSourcesBuildPhase section */
		BA5219CD1FCD691600F835C9 /* Sources */ = {
			isa = PBXSourcesBuildPhase;
			buildActionMask = 2147483647;
			files = (
				BA5847391FCFDDC2005BB113 /* DeepURLParser.swift in Sources */,
				BA2820A31FD25BC7004428E8 /* SelectTeaserTrackingParam.swift in Sources */,
				BA9800231FCECF16003FC0D6 /* TrackingFeatureProtocols.swift in Sources */,
				BABCEDF11FD10ED500CE9F42 /* NetworkFetchable.swift in Sources */,
				BA971E601FCD6A700091471D /* HomeViewModel.swift in Sources */,
				BA971E691FCE5AD20091471D /* SearchViewModel.swift in Sources */,
				BA686EDF1FD24B4600A90934 /* ZAAppConfig.swift in Sources */,
				BAD7D69A1FCE5DA1006D8557 /* ZAProduct.swift in Sources */,
				BAE859DD1FD1024100D58A3E /* Constants.swift in Sources */,
				BAE859E11FD1030900D58A3E /* Request+Error.swift in Sources */,
				BA971E6B1FCE5AD90091471D /* CatalogViewModel.swift in Sources */,
				BA971E621FCE5AB10091471D /* ViewModelCoordinator.swift in Sources */,
				BAE859E31FD1030900D58A3E /* Request+Default.swift in Sources */,
				BAA477631FCE910500DDAFF5 /* ZAHomeScreenRowData.swift in Sources */,
				BA5847371FCFDC53005BB113 /* DeepURLSchemeType.swift in Sources */,
				BA2820931FD24E49004428E8 /* ZAConfig.swift in Sources */,
				BA971E671FCE5ACA0091471D /* PDVViewModel.swift in Sources */,
				BAE859D71FD1018600D58A3E /* FetchHomeProductRequest.swift in Sources */,
				BAE859CF1FD0FFB500D58A3E /* ZaloraAPIFetcher.swift in Sources */,
				BA2820961FD24F5D004428E8 /* TrackingParameter.swift in Sources */,
				BAD7D6921FCE5D5D006D8557 /* TrackingService.swift in Sources */,
				BAE859D11FD1007C00D58A3E /* Request.swift in Sources */,
				BA28209D1FD25814004428E8 /* TrackerProtocol.swift in Sources */,
				BA28209F1FD2588F004428E8 /* ZABrand.swift in Sources */,
				BA5847331FCFDBCA005BB113 /* DeepURLService.swift in Sources */,
				BAA477651FCE921300DDAFF5 /* ZATeaser.swift in Sources */,
				BABCEDEE1FD10EC000CE9F42 /* JSONFetcher.swift in Sources */,
				BA28209B1FD253F4004428E8 /* OpenScreenTrackingParam.swift in Sources */,
				BA5847351FCFDC15005BB113 /* DeepURLScheme.swift in Sources */,
				BABCEDEA1FD109AB00CE9F42 /* AnyRequest.swift in Sources */,
				BA2820A11FD2589E004428E8 /* ZACatalog.swift in Sources */,
				BAA4775F1FCE750F00DDAFF5 /* AdjustTracker.swift in Sources */,
				BAA477911FCEAA1600DDAFF5 /* ZAMenuData.swift in Sources */,
				BAE859E21FD1030900D58A3E /* Request+Alamofire.swift in Sources */,
				BAA4775A1FCE744D00DDAFF5 /* GTMTracker.swift in Sources */,
				BA686EDD1FD24AB700A90934 /* TrackingHomeParam.swift in Sources */,
				BAE859D51FD1015700D58A3E /* Parameter.swift in Sources */,
				BAE859DB1FD101E000D58A3E /* ZAUser.swift in Sources */,
				BAD7D6981FCE5D8C006D8557 /* ZABaseModel.swift in Sources */,
				BAD7D69F1FCE60AD006D8557 /* AppViewModel.swift in Sources */,
				BA9800261FCECF8D003FC0D6 /* NetworkProtocols.swift in Sources */,
				BAD7D69C1FCE5F2B006D8557 /* SideMenuViewModel.swift in Sources */,
				BAD7D6951FCE5D76006D8557 /* NetworkService.swift in Sources */,
				BAA4778D1FCEA84600DDAFF5 /* MenuViewModel.swift in Sources */,
			);
			runOnlyForDeploymentPostprocessing = 0;
		};
		BA5219D71FCD691600F835C9 /* Sources */ = {
			isa = PBXSourcesBuildPhase;
			buildActionMask = 2147483647;
			files = (
				BA7D17141FD2831E007B7C3F /* TrackingServiceTests.swift in Sources */,
				BA7D17191FD28953007B7C3F /* Comparation.swift in Sources */,
				BA5219E11FCD691600F835C9 /* ZaloraJupiterCoreTests.swift in Sources */,
				BA7D17161FD285EB007B7C3F /* Trackers.swift in Sources */,
				BA7D170B1FD2816E007B7C3F /* EmptyTrackingService.swift in Sources */,
				BA9800291FCED03B003FC0D6 /* HomeViewModelTests.swift in Sources */,
			);
			runOnlyForDeploymentPostprocessing = 0;
		};
/* End PBXSourcesBuildPhase section */

/* Begin PBXTargetDependency section */
		BA5219DE1FCD691600F835C9 /* PBXTargetDependency */ = {
			isa = PBXTargetDependency;
			target = BA5219D11FCD691600F835C9 /* ZaloraJupiterCore */;
			targetProxy = BA5219DD1FCD691600F835C9 /* PBXContainerItemProxy */;
		};
/* End PBXTargetDependency section */

/* Begin XCBuildConfiguration section */
		BA5219E41FCD691600F835C9 /* Debug */ = {
			isa = XCBuildConfiguration;
			buildSettings = {
				ALWAYS_SEARCH_USER_PATHS = NO;
				CLANG_ANALYZER_NONNULL = YES;
				CLANG_ANALYZER_NUMBER_OBJECT_CONVERSION = YES_AGGRESSIVE;
				CLANG_CXX_LANGUAGE_STANDARD = "gnu++14";
				CLANG_CXX_LIBRARY = "libc++";
				CLANG_ENABLE_MODULES = YES;
				CLANG_ENABLE_OBJC_ARC = YES;
				CLANG_WARN_BLOCK_CAPTURE_AUTORELEASING = YES;
				CLANG_WARN_BOOL_CONVERSION = YES;
				CLANG_WARN_COMMA = YES;
				CLANG_WARN_CONSTANT_CONVERSION = YES;
				CLANG_WARN_DIRECT_OBJC_ISA_USAGE = YES_ERROR;
				CLANG_WARN_DOCUMENTATION_COMMENTS = YES;
				CLANG_WARN_EMPTY_BODY = YES;
				CLANG_WARN_ENUM_CONVERSION = YES;
				CLANG_WARN_INFINITE_RECURSION = YES;
				CLANG_WARN_INT_CONVERSION = YES;
				CLANG_WARN_NON_LITERAL_NULL_CONVERSION = YES;
				CLANG_WARN_OBJC_LITERAL_CONVERSION = YES;
				CLANG_WARN_OBJC_ROOT_CLASS = YES_ERROR;
				CLANG_WARN_RANGE_LOOP_ANALYSIS = YES;
				CLANG_WARN_STRICT_PROTOTYPES = YES;
				CLANG_WARN_SUSPICIOUS_MOVE = YES;
				CLANG_WARN_UNGUARDED_AVAILABILITY = YES_AGGRESSIVE;
				CLANG_WARN_UNREACHABLE_CODE = YES;
				CLANG_WARN__DUPLICATE_METHOD_MATCH = YES;
				CODE_SIGN_IDENTITY = "iPhone Developer";
				COPY_PHASE_STRIP = NO;
				CURRENT_PROJECT_VERSION = 1;
				DEBUG_INFORMATION_FORMAT = dwarf;
				ENABLE_STRICT_OBJC_MSGSEND = YES;
				ENABLE_TESTABILITY = YES;
				GCC_C_LANGUAGE_STANDARD = gnu11;
				GCC_DYNAMIC_NO_PIC = NO;
				GCC_NO_COMMON_BLOCKS = YES;
				GCC_OPTIMIZATION_LEVEL = 0;
				GCC_PREPROCESSOR_DEFINITIONS = (
					"DEBUG=1",
					"$(inherited)",
				);
				GCC_WARN_64_TO_32_BIT_CONVERSION = YES;
				GCC_WARN_ABOUT_RETURN_TYPE = YES_ERROR;
				GCC_WARN_UNDECLARED_SELECTOR = YES;
				GCC_WARN_UNINITIALIZED_AUTOS = YES_AGGRESSIVE;
				GCC_WARN_UNUSED_FUNCTION = YES;
				GCC_WARN_UNUSED_VARIABLE = YES;
				IPHONEOS_DEPLOYMENT_TARGET = 11.1;
				MTL_ENABLE_DEBUG_INFO = YES;
				ONLY_ACTIVE_ARCH = YES;
				SDKROOT = iphoneos;
				SWIFT_ACTIVE_COMPILATION_CONDITIONS = DEBUG;
				SWIFT_OPTIMIZATION_LEVEL = "-Onone";
				VERSIONING_SYSTEM = "apple-generic";
				VERSION_INFO_PREFIX = "";
			};
			name = Debug;
		};
		BA5219E51FCD691600F835C9 /* Release */ = {
			isa = XCBuildConfiguration;
			buildSettings = {
				ALWAYS_SEARCH_USER_PATHS = NO;
				CLANG_ANALYZER_NONNULL = YES;
				CLANG_ANALYZER_NUMBER_OBJECT_CONVERSION = YES_AGGRESSIVE;
				CLANG_CXX_LANGUAGE_STANDARD = "gnu++14";
				CLANG_CXX_LIBRARY = "libc++";
				CLANG_ENABLE_MODULES = YES;
				CLANG_ENABLE_OBJC_ARC = YES;
				CLANG_WARN_BLOCK_CAPTURE_AUTORELEASING = YES;
				CLANG_WARN_BOOL_CONVERSION = YES;
				CLANG_WARN_COMMA = YES;
				CLANG_WARN_CONSTANT_CONVERSION = YES;
				CLANG_WARN_DIRECT_OBJC_ISA_USAGE = YES_ERROR;
				CLANG_WARN_DOCUMENTATION_COMMENTS = YES;
				CLANG_WARN_EMPTY_BODY = YES;
				CLANG_WARN_ENUM_CONVERSION = YES;
				CLANG_WARN_INFINITE_RECURSION = YES;
				CLANG_WARN_INT_CONVERSION = YES;
				CLANG_WARN_NON_LITERAL_NULL_CONVERSION = YES;
				CLANG_WARN_OBJC_LITERAL_CONVERSION = YES;
				CLANG_WARN_OBJC_ROOT_CLASS = YES_ERROR;
				CLANG_WARN_RANGE_LOOP_ANALYSIS = YES;
				CLANG_WARN_STRICT_PROTOTYPES = YES;
				CLANG_WARN_SUSPICIOUS_MOVE = YES;
				CLANG_WARN_UNGUARDED_AVAILABILITY = YES_AGGRESSIVE;
				CLANG_WARN_UNREACHABLE_CODE = YES;
				CLANG_WARN__DUPLICATE_METHOD_MATCH = YES;
				CODE_SIGN_IDENTITY = "iPhone Developer";
				COPY_PHASE_STRIP = NO;
				CURRENT_PROJECT_VERSION = 1;
				DEBUG_INFORMATION_FORMAT = "dwarf-with-dsym";
				ENABLE_NS_ASSERTIONS = NO;
				ENABLE_STRICT_OBJC_MSGSEND = YES;
				GCC_C_LANGUAGE_STANDARD = gnu11;
				GCC_NO_COMMON_BLOCKS = YES;
				GCC_WARN_64_TO_32_BIT_CONVERSION = YES;
				GCC_WARN_ABOUT_RETURN_TYPE = YES_ERROR;
				GCC_WARN_UNDECLARED_SELECTOR = YES;
				GCC_WARN_UNINITIALIZED_AUTOS = YES_AGGRESSIVE;
				GCC_WARN_UNUSED_FUNCTION = YES;
				GCC_WARN_UNUSED_VARIABLE = YES;
				IPHONEOS_DEPLOYMENT_TARGET = 11.1;
				MTL_ENABLE_DEBUG_INFO = NO;
				SDKROOT = iphoneos;
				SWIFT_OPTIMIZATION_LEVEL = "-Owholemodule";
				VALIDATE_PRODUCT = YES;
				VERSIONING_SYSTEM = "apple-generic";
				VERSION_INFO_PREFIX = "";
			};
			name = Release;
		};
		BA5219E71FCD691600F835C9 /* Debug */ = {
			isa = XCBuildConfiguration;
			buildSettings = {
				CLANG_ENABLE_MODULES = YES;
				CODE_SIGN_IDENTITY = "";
				CODE_SIGN_STYLE = Automatic;
				DEFINES_MODULE = YES;
				DYLIB_COMPATIBILITY_VERSION = 1;
				DYLIB_CURRENT_VERSION = 1;
				DYLIB_INSTALL_NAME_BASE = "@rpath";
				FRAMEWORK_SEARCH_PATHS = "$(PROJECT_DIR)/../Carthage/Build/iOS";
				INFOPLIST_FILE = ZaloraJupiterCore/Info.plist;
				INSTALL_PATH = "$(LOCAL_LIBRARY_DIR)/Frameworks";
				LD_RUNPATH_SEARCH_PATHS = "$(inherited) @executable_path/Frameworks @loader_path/Frameworks";
				PRODUCT_BUNDLE_IDENTIFIER = com.fe.ZaloraJupiterCore;
				PRODUCT_NAME = "$(TARGET_NAME:c99extidentifier)";
				SKIP_INSTALL = YES;
				SWIFT_OPTIMIZATION_LEVEL = "-Onone";
				SWIFT_VERSION = 4.0;
				TARGETED_DEVICE_FAMILY = "1,2";
			};
			name = Debug;
		};
		BA5219E81FCD691600F835C9 /* Release */ = {
			isa = XCBuildConfiguration;
			buildSettings = {
				CLANG_ENABLE_MODULES = YES;
				CODE_SIGN_IDENTITY = "";
				CODE_SIGN_STYLE = Automatic;
				DEFINES_MODULE = YES;
				DYLIB_COMPATIBILITY_VERSION = 1;
				DYLIB_CURRENT_VERSION = 1;
				DYLIB_INSTALL_NAME_BASE = "@rpath";
				FRAMEWORK_SEARCH_PATHS = "$(PROJECT_DIR)/../Carthage/Build/iOS";
				INFOPLIST_FILE = ZaloraJupiterCore/Info.plist;
				INSTALL_PATH = "$(LOCAL_LIBRARY_DIR)/Frameworks";
				LD_RUNPATH_SEARCH_PATHS = "$(inherited) @executable_path/Frameworks @loader_path/Frameworks";
				PRODUCT_BUNDLE_IDENTIFIER = com.fe.ZaloraJupiterCore;
				PRODUCT_NAME = "$(TARGET_NAME:c99extidentifier)";
				SKIP_INSTALL = YES;
				SWIFT_VERSION = 4.0;
				TARGETED_DEVICE_FAMILY = "1,2";
			};
			name = Release;
		};
		BA5219EA1FCD691600F835C9 /* Debug */ = {
			isa = XCBuildConfiguration;
			buildSettings = {
				ALWAYS_EMBED_SWIFT_STANDARD_LIBRARIES = YES;
				CODE_SIGN_STYLE = Automatic;
				INFOPLIST_FILE = ZaloraJupiterCoreTests/Info.plist;
				LD_RUNPATH_SEARCH_PATHS = "$(inherited) @executable_path/Frameworks @loader_path/Frameworks";
				PRODUCT_BUNDLE_IDENTIFIER = com.fe.ZaloraJupiterCoreTests;
				PRODUCT_NAME = "$(TARGET_NAME)";
				SWIFT_VERSION = 4.0;
				TARGETED_DEVICE_FAMILY = "1,2";
			};
			name = Debug;
		};
		BA5219EB1FCD691600F835C9 /* Release */ = {
			isa = XCBuildConfiguration;
			buildSettings = {
				ALWAYS_EMBED_SWIFT_STANDARD_LIBRARIES = YES;
				CODE_SIGN_STYLE = Automatic;
				INFOPLIST_FILE = ZaloraJupiterCoreTests/Info.plist;
				LD_RUNPATH_SEARCH_PATHS = "$(inherited) @executable_path/Frameworks @loader_path/Frameworks";
				PRODUCT_BUNDLE_IDENTIFIER = com.fe.ZaloraJupiterCoreTests;
				PRODUCT_NAME = "$(TARGET_NAME)";
				SWIFT_VERSION = 4.0;
				TARGETED_DEVICE_FAMILY = "1,2";
			};
			name = Release;
		};
/* End XCBuildConfiguration section */

/* Begin XCConfigurationList section */
		BA5219CC1FCD691600F835C9 /* Build configuration list for PBXProject "ZaloraJupiterCore" */ = {
			isa = XCConfigurationList;
			buildConfigurations = (
				BA5219E41FCD691600F835C9 /* Debug */,
				BA5219E51FCD691600F835C9 /* Release */,
			);
			defaultConfigurationIsVisible = 0;
			defaultConfigurationName = Release;
		};
		BA5219E61FCD691600F835C9 /* Build configuration list for PBXNativeTarget "ZaloraJupiterCore" */ = {
			isa = XCConfigurationList;
			buildConfigurations = (
				BA5219E71FCD691600F835C9 /* Debug */,
				BA5219E81FCD691600F835C9 /* Release */,
			);
			defaultConfigurationIsVisible = 0;
			defaultConfigurationName = Release;
		};
		BA5219E91FCD691600F835C9 /* Build configuration list for PBXNativeTarget "ZaloraJupiterCoreTests" */ = {
			isa = XCConfigurationList;
			buildConfigurations = (
				BA5219EA1FCD691600F835C9 /* Debug */,
				BA5219EB1FCD691600F835C9 /* Release */,
			);
			defaultConfigurationIsVisible = 0;
			defaultConfigurationName = Release;
		};
/* End XCConfigurationList section */
	};
	rootObject = BA5219C91FCD691600F835C9 /* Project object */;
}
